<?xml version="1.0" encoding="UTF-8"?>
<!DOCTYPE plist PUBLIC "-//Apple//DTD PLIST 1.0//EN" "http://www.apple.com/DTDs/PropertyList-1.0.dtd">
<plist version="1.0">
<dict>
	<key>archiveVersion</key>
	<string>1</string>
	<key>classes</key>
	<dict/>
	<key>objectVersion</key>
	<string>46</string>
	<key>objects</key>
	<dict>
		<key>266CB12CDB12491DA8912A40</key>
		<dict>
			<key>includeInIndex</key>
			<string>1</string>
			<key>isa</key>
			<string>PBXFileReference</string>
			<key>lastKnownFileType</key>
			<string>text.xcconfig</string>
			<key>name</key>
			<string>Pods.xcconfig</string>
			<key>path</key>
			<string>Pods/Pods.xcconfig</string>
			<key>sourceTree</key>
			<string>SOURCE_ROOT</string>
		</dict>
		<key>4200219F6E6F4442916BB6F6</key>
		<dict>
			<key>buildActionMask</key>
			<string>2147483647</string>
			<key>files</key>
			<array/>
			<key>inputPaths</key>
			<array/>
			<key>isa</key>
			<string>PBXShellScriptBuildPhase</string>
			<key>name</key>
			<string>Copy Pods Resources</string>
			<key>outputPaths</key>
			<array/>
			<key>runOnlyForDeploymentPostprocessing</key>
			<string>0</string>
			<key>shellPath</key>
			<string>/bin/sh</string>
			<key>shellScript</key>
			<string>"${SRCROOT}/Pods/Pods-resources.sh"
</string>
		</dict>
		<key>D804C380155B7E4000AAF415</key>
		<dict>
			<key>fileEncoding</key>
			<string>4</string>
			<key>isa</key>
			<string>PBXFileReference</string>
			<key>lastKnownFileType</key>
			<string>text.xml</string>
			<key>path</key>
			<string>GroupThink.entitlements</string>
			<key>sourceTree</key>
			<string>&lt;group&gt;</string>
		</dict>
		<key>D804C381155B7E4000AAF415</key>
		<dict>
			<key>fileRef</key>
			<string>D804C380155B7E4000AAF415</string>
			<key>isa</key>
			<string>PBXBuildFile</string>
		</dict>
		<key>D804C387155B884600AAF415</key>
		<dict>
			<key>isa</key>
			<string>PBXFileReference</string>
			<key>lastKnownFileType</key>
			<string>image.png</string>
			<key>path</key>
			<string>Icon.png</string>
			<key>sourceTree</key>
			<string>&lt;group&gt;</string>
		</dict>
		<key>D804C388155B884600AAF415</key>
		<dict>
			<key>fileRef</key>
			<string>D804C387155B884600AAF415</string>
			<key>isa</key>
			<string>PBXBuildFile</string>
		</dict>
		<key>D804C389155B88AC00AAF415</key>
		<dict>
			<key>isa</key>
			<string>PBXFileReference</string>
			<key>lastKnownFileType</key>
			<string>image.png</string>
			<key>path</key>
			<string>Icon-72.png</string>
			<key>sourceTree</key>
			<string>&lt;group&gt;</string>
		</dict>
		<key>D804C38A155B88AC00AAF415</key>
		<dict>
			<key>fileRef</key>
			<string>D804C389155B88AC00AAF415</string>
			<key>isa</key>
			<string>PBXBuildFile</string>
		</dict>
		<key>D82712D81564BAD100FDAFFB</key>
		<dict>
			<key>fileEncoding</key>
			<string>4</string>
			<key>isa</key>
			<string>PBXFileReference</string>
			<key>lastKnownFileType</key>
			<string>sourcecode.c.h</string>
			<key>path</key>
			<string>SettingsViewController.h</string>
			<key>sourceTree</key>
			<string>&lt;group&gt;</string>
		</dict>
		<key>D82712D91564BAD100FDAFFB</key>
		<dict>
			<key>fileEncoding</key>
			<string>4</string>
			<key>isa</key>
			<string>PBXFileReference</string>
			<key>lastKnownFileType</key>
			<string>sourcecode.c.objc</string>
			<key>path</key>
			<string>SettingsViewController.m</string>
			<key>sourceTree</key>
			<string>&lt;group&gt;</string>
		</dict>
		<key>D82712DA1564BAD100FDAFFB</key>
		<dict>
			<key>fileRef</key>
			<string>D82712D91564BAD100FDAFFB</string>
			<key>isa</key>
			<string>PBXBuildFile</string>
		</dict>
		<key>D82712DC1564C14400FDAFFB</key>
		<dict>
			<key>isa</key>
			<string>PBXFileReference</string>
			<key>lastKnownFileType</key>
			<string>image.png</string>
			<key>name</key>
			<string>choose.png</string>
			<key>path</key>
			<string>../Classes/choose.png</string>
			<key>sourceTree</key>
			<string>&lt;group&gt;</string>
		</dict>
		<key>D82712DD1564C14400FDAFFB</key>
		<dict>
			<key>fileRef</key>
			<string>D82712DC1564C14400FDAFFB</string>
			<key>isa</key>
			<string>PBXBuildFile</string>
		</dict>
		<key>D82712DE1564C2A800FDAFFB</key>
		<dict>
			<key>isa</key>
			<string>PBXFileReference</string>
			<key>lastKnownFileType</key>
			<string>image.png</string>
			<key>path</key>
			<string>choose_hilighted.png</string>
			<key>sourceTree</key>
			<string>&lt;group&gt;</string>
		</dict>
		<key>D82712DF1564C2A800FDAFFB</key>
		<dict>
			<key>fileRef</key>
			<string>D82712DE1564C2A800FDAFFB</string>
			<key>isa</key>
			<string>PBXBuildFile</string>
		</dict>
		<key>D82CB1E31556051A00499A08</key>
		<dict>
			<key>children</key>
			<array>
				<string>D82CB1F81556051A00499A08</string>
				<string>D82CB21B1556051A00499A08</string>
				<string>D8E3EC27158522F40054E080</string>
				<string>D82CB1F11556051A00499A08</string>
				<string>D82CB1EF1556051A00499A08</string>
				<string>266CB12CDB12491DA8912A40</string>
			</array>
			<key>isa</key>
			<string>PBXGroup</string>
			<key>sourceTree</key>
			<string>&lt;group&gt;</string>
		</dict>
		<key>D82CB1E51556051A00499A08</key>
		<dict>
			<key>attributes</key>
			<dict>
				<key>LastUpgradeCheck</key>
				<string>0440</string>
				<key>ORGANIZATIONNAME</key>
				<string>GroupThink</string>
			</dict>
			<key>buildConfigurationList</key>
			<string>D82CB1E81556051A00499A08</string>
			<key>compatibilityVersion</key>
			<string>Xcode 3.2</string>
			<key>developmentRegion</key>
			<string>English</string>
			<key>hasScannedForEncodings</key>
			<string>0</string>
			<key>isa</key>
			<string>PBXProject</string>
			<key>knownRegions</key>
			<array>
				<string>en</string>
			</array>
			<key>mainGroup</key>
			<string>D82CB1E31556051A00499A08</string>
			<key>productRefGroup</key>
			<string>D82CB1EF1556051A00499A08</string>
			<key>projectDirPath</key>
			<string></string>
			<key>projectRoot</key>
			<string></string>
			<key>targets</key>
			<array>
				<string>D82CB1ED1556051A00499A08</string>
				<string>D82CB2131556051A00499A08</string>
				<string>D8E3EC22158522F40054E080</string>
			</array>
		</dict>
		<key>D82CB1E81556051A00499A08</key>
		<dict>
			<key>buildConfigurations</key>
			<array>
				<string>D82CB2241556051A00499A08</string>
				<string>D82CB2251556051A00499A08</string>
			</array>
			<key>defaultConfigurationIsVisible</key>
			<string>0</string>
			<key>defaultConfigurationName</key>
			<string>Release</string>
			<key>isa</key>
			<string>XCConfigurationList</string>
		</dict>
		<key>D82CB1EA1556051A00499A08</key>
		<dict>
			<key>buildActionMask</key>
			<string>2147483647</string>
			<key>files</key>
			<array>
				<string>D82CB1FF1556051A00499A08</string>
				<string>D82CB2031556051A00499A08</string>
				<string>D82CB20E1556051A00499A08</string>
				<string>D82CB23E1556119F00499A08</string>
				<string>D863DF5B1559F63600FA9934</string>
				<string>D88D7F92155A1843002C6C36</string>
				<string>D854FDDE1560B6DF00314501</string>
				<string>D854FDE11560B6DF00314501</string>
				<string>D82712DA1564BAD100FDAFFB</string>
				<string>D876F1B3156504F6000793CD</string>
				<string>D8410FAA15852F2100926FAE</string>
			</array>
			<key>isa</key>
			<string>PBXSourcesBuildPhase</string>
			<key>runOnlyForDeploymentPostprocessing</key>
			<string>0</string>
		</dict>
		<key>D82CB1EB1556051A00499A08</key>
		<dict>
			<key>buildActionMask</key>
			<string>2147483647</string>
			<key>files</key>
			<array>
				<string>D895D4C9155F11B800F7924D</string>
				<string>D895D4CA155F11B800F7924D</string>
				<string>D82CB23B155605E900499A08</string>
				<string>D82CB239155605D900499A08</string>
				<string>D82CB237155605CC00499A08</string>
				<string>D82CB235155605C100499A08</string>
				<string>D82CB233155605B500499A08</string>
				<string>D82CB231155605A900499A08</string>
				<string>D82CB22F1556059C00499A08</string>
				<string>D82CB1F31556051A00499A08</string>
				<string>D82CB1F51556051A00499A08</string>
				<string>D82CB1F71556051A00499A08</string>
				<string>D8374EE7155F06C200BC1617</string>
				<string>D8410FA515852D9000926FAE</string>
				<string>FC0D1E73627B45568A43A512</string>
			</array>
			<key>isa</key>
			<string>PBXFrameworksBuildPhase</string>
			<key>runOnlyForDeploymentPostprocessing</key>
			<string>0</string>
		</dict>
		<key>D82CB1EC1556051A00499A08</key>
		<dict>
			<key>buildActionMask</key>
			<string>2147483647</string>
			<key>files</key>
			<array>
				<string>D82CB1FD1556051A00499A08</string>
				<string>D82CB2081556051A00499A08</string>
				<string>D804C381155B7E4000AAF415</string>
				<string>D804C388155B884600AAF415</string>
				<string>D804C38A155B88AC00AAF415</string>
				<string>D8374EE8155F06C200BC1617</string>
				<string>D8374EE9155F06C200BC1617</string>
				<string>D854FDF31560C09500314501</string>
				<string>D854FDF41560C09500314501</string>
				<string>D854FDF51560C09500314501</string>
				<string>D82712DD1564C14400FDAFFB</string>
				<string>D82712DF1564C2A800FDAFFB</string>
				<string>D8535E7F15B3F11C0014D7D4</string>
				<string>D8535E8015B3F11C0014D7D4</string>
				<string>D8535E8115B3F11C0014D7D4</string>
				<string>D8535E8215B3F11C0014D7D4</string>
				<string>D8535E8315B3F11C0014D7D4</string>
				<string>D8535E8415B3F11C0014D7D4</string>
				<string>D8535E8515B3F11C0014D7D4</string>
				<string>D8535E8615B3F11C0014D7D4</string>
				<string>D8535E8715B3F11C0014D7D4</string>
				<string>D8535E8815B3F11C0014D7D4</string>
				<string>D8535E8915B3F11C0014D7D4</string>
				<string>D8535E8A15B3F11C0014D7D4</string>
				<string>D8535E8B15B3F11C0014D7D4</string>
				<string>D8535E8C15B3F11C0014D7D4</string>
				<string>D8535E8D15B3F11C0014D7D4</string>
				<string>D8535E8E15B3F11C0014D7D4</string>
				<string>D8535E8F15B3F11C0014D7D4</string>
				<string>D8535E9015B3F11C0014D7D4</string>
				<string>D8535EA515B3F1260014D7D4</string>
				<string>D8535EA615B3F1260014D7D4</string>
				<string>D8535EA715B3F1260014D7D4</string>
				<string>D8535EA815B3F1260014D7D4</string>
				<string>D8535EA915B3F1260014D7D4</string>
				<string>D8535EAA15B3F1260014D7D4</string>
				<string>D8535EAB15B3F1260014D7D4</string>
				<string>D8535EAC15B3F1260014D7D4</string>
				<string>D8535EAD15B3F1260014D7D4</string>
				<string>D8535EAE15B3F1260014D7D4</string>
				<string>D8535EAF15B3F1260014D7D4</string>
				<string>D8535EB015B3F1260014D7D4</string>
				<string>D8535EB115B3F1260014D7D4</string>
				<string>D8535EB215B3F1260014D7D4</string>
				<string>D8535EB315B3F1260014D7D4</string>
				<string>D8535EB415B3F1260014D7D4</string>
				<string>D8535EB515B3F1260014D7D4</string>
				<string>D8535EB615B3F1260014D7D4</string>
				<string>D8535EC015B3F1340014D7D4</string>
				<string>D8535EC115B3F1340014D7D4</string>
				<string>D8535EC215B3F1340014D7D4</string>
				<string>D8535EC315B3F1340014D7D4</string>
				<string>D8535EC415B3F1340014D7D4</string>
				<string>D8535EC515B3F1340014D7D4</string>
				<string>D8535EC615B3F1340014D7D4</string>
				<string>D8535EC715B3F1340014D7D4</string>
			</array>
			<key>isa</key>
			<string>PBXResourcesBuildPhase</string>
			<key>runOnlyForDeploymentPostprocessing</key>
			<string>0</string>
		</dict>
		<key>D82CB1ED1556051A00499A08</key>
		<dict>
			<key>buildConfigurationList</key>
			<string>D82CB2261556051A00499A08</string>
			<key>buildPhases</key>
			<array>
				<string>D82CB1EA1556051A00499A08</string>
				<string>D82CB1EB1556051A00499A08</string>
				<string>D82CB1EC1556051A00499A08</string>
				<string>4200219F6E6F4442916BB6F6</string>
			</array>
			<key>buildRules</key>
			<array/>
			<key>dependencies</key>
			<array/>
			<key>isa</key>
			<string>PBXNativeTarget</string>
			<key>name</key>
			<string>GroupThink</string>
			<key>productName</key>
			<string>GroupThink</string>
			<key>productReference</key>
			<string>D82CB1EE1556051A00499A08</string>
			<key>productType</key>
			<string>com.apple.product-type.application</string>
		</dict>
		<key>D82CB1EE1556051A00499A08</key>
		<dict>
			<key>explicitFileType</key>
			<string>wrapper.application</string>
			<key>includeInIndex</key>
			<string>0</string>
			<key>isa</key>
			<string>PBXFileReference</string>
			<key>name</key>
			<string>GroupThink.app</string>
			<key>path</key>
			<string>GroupThink.app</string>
			<key>sourceTree</key>
			<string>BUILT_PRODUCTS_DIR</string>
		</dict>
		<key>D82CB1EF1556051A00499A08</key>
		<dict>
			<key>children</key>
			<array>
				<string>D82CB1EE1556051A00499A08</string>
				<string>D82CB2141556051A00499A08</string>
				<string>D8E3EC23158522F40054E080</string>
			</array>
			<key>isa</key>
			<string>PBXGroup</string>
			<key>name</key>
			<string>Products</string>
			<key>sourceTree</key>
			<string>&lt;group&gt;</string>
		</dict>
		<key>D82CB1F11556051A00499A08</key>
		<dict>
			<key>children</key>
			<array>
				<string>D895D4C7155F11B800F7924D</string>
				<string>D895D4C8155F11B800F7924D</string>
				<string>D8410FA415852D9000926FAE</string>
				<string>D8374EE2155F06C200BC1617</string>
				<string>D82CB23A155605E900499A08</string>
				<string>D82CB238155605D900499A08</string>
				<string>D82CB236155605CC00499A08</string>
				<string>D82CB234155605C100499A08</string>
				<string>D82CB232155605B500499A08</string>
				<string>D82CB230155605A900499A08</string>
				<string>D82CB22E1556059C00499A08</string>
				<string>D82CB1F21556051A00499A08</string>
				<string>D82CB1F41556051A00499A08</string>
				<string>D82CB1F61556051A00499A08</string>
				<string>D82CB2151556051A00499A08</string>
				<string>F199A7333426420FA1040FFD</string>
			</array>
			<key>isa</key>
			<string>PBXGroup</string>
			<key>name</key>
			<string>Frameworks</string>
			<key>sourceTree</key>
			<string>&lt;group&gt;</string>
		</dict>
		<key>D82CB1F21556051A00499A08</key>
		<dict>
			<key>includeInIndex</key>
			<string>1</string>
			<key>isa</key>
			<string>PBXFileReference</string>
			<key>lastKnownFileType</key>
			<string>wrapper.framework</string>
			<key>name</key>
			<string>UIKit.framework</string>
			<key>path</key>
			<string>System/Library/Frameworks/UIKit.framework</string>
			<key>sourceTree</key>
			<string>SDKROOT</string>
		</dict>
		<key>D82CB1F31556051A00499A08</key>
		<dict>
			<key>fileRef</key>
			<string>D82CB1F21556051A00499A08</string>
			<key>isa</key>
			<string>PBXBuildFile</string>
		</dict>
		<key>D82CB1F41556051A00499A08</key>
		<dict>
			<key>includeInIndex</key>
			<string>1</string>
			<key>isa</key>
			<string>PBXFileReference</string>
			<key>lastKnownFileType</key>
			<string>wrapper.framework</string>
			<key>name</key>
			<string>Foundation.framework</string>
			<key>path</key>
			<string>System/Library/Frameworks/Foundation.framework</string>
			<key>sourceTree</key>
			<string>SDKROOT</string>
		</dict>
		<key>D82CB1F51556051A00499A08</key>
		<dict>
			<key>fileRef</key>
			<string>D82CB1F41556051A00499A08</string>
			<key>isa</key>
			<string>PBXBuildFile</string>
		</dict>
		<key>D82CB1F61556051A00499A08</key>
		<dict>
			<key>includeInIndex</key>
			<string>1</string>
			<key>isa</key>
			<string>PBXFileReference</string>
			<key>lastKnownFileType</key>
			<string>wrapper.framework</string>
			<key>name</key>
			<string>CoreGraphics.framework</string>
			<key>path</key>
			<string>System/Library/Frameworks/CoreGraphics.framework</string>
			<key>sourceTree</key>
			<string>SDKROOT</string>
		</dict>
		<key>D82CB1F71556051A00499A08</key>
		<dict>
			<key>fileRef</key>
			<string>D82CB1F61556051A00499A08</string>
			<key>isa</key>
			<string>PBXBuildFile</string>
		</dict>
		<key>D82CB1F81556051A00499A08</key>
		<dict>
			<key>children</key>
			<array>
				<string>D8424F671568725800DBF6C3</string>
				<string>D8424F661568722E00DBF6C3</string>
				<string>D82CB20C1556051A00499A08</string>
				<string>D82CB20D1556051A00499A08</string>
				<string>D82712D81564BAD100FDAFFB</string>
				<string>D82712D91564BAD100FDAFFB</string>
				<string>D876F1B1156504F6000793CD</string>
				<string>D876F1B2156504F6000793CD</string>
				<string>D82CB2061556051A00499A08</string>
				<string>D854FDD51560B6DF00314501</string>
				<string>D82CB1F91556051A00499A08</string>
			</array>
			<key>isa</key>
			<string>PBXGroup</string>
			<key>path</key>
			<string>GroupThink</string>
			<key>sourceTree</key>
			<string>&lt;group&gt;</string>
		</dict>
		<key>D82CB1F91556051A00499A08</key>
		<dict>
			<key>children</key>
			<array>
				<string>D82CB2011556051A00499A08</string>
				<string>D82CB2021556051A00499A08</string>
				<string>D854FDEE1560C09500314501</string>
				<string>D804C389155B88AC00AAF415</string>
				<string>D804C387155B884600AAF415</string>
				<string>D82CB1FA1556051A00499A08</string>
				<string>D82CB1FB1556051A00499A08</string>
				<string>D82CB1FE1556051A00499A08</string>
				<string>D82CB2001556051A00499A08</string>
				<string>D804C380155B7E4000AAF415</string>
			</array>
			<key>isa</key>
			<string>PBXGroup</string>
			<key>name</key>
			<string>Supporting Files</string>
			<key>sourceTree</key>
			<string>&lt;group&gt;</string>
		</dict>
		<key>D82CB1FA1556051A00499A08</key>
		<dict>
			<key>isa</key>
			<string>PBXFileReference</string>
			<key>lastKnownFileType</key>
			<string>text.plist.xml</string>
			<key>path</key>
			<string>GroupThink-Info.plist</string>
			<key>sourceTree</key>
			<string>&lt;group&gt;</string>
		</dict>
		<key>D82CB1FB1556051A00499A08</key>
		<dict>
			<key>children</key>
			<array>
				<string>D82CB1FC1556051A00499A08</string>
			</array>
			<key>isa</key>
			<string>PBXVariantGroup</string>
			<key>name</key>
			<string>InfoPlist.strings</string>
			<key>sourceTree</key>
			<string>&lt;group&gt;</string>
		</dict>
		<key>D82CB1FC1556051A00499A08</key>
		<dict>
			<key>isa</key>
			<string>PBXFileReference</string>
			<key>lastKnownFileType</key>
			<string>text.plist.strings</string>
			<key>name</key>
			<string>en</string>
			<key>path</key>
			<string>en.lproj/InfoPlist.strings</string>
			<key>sourceTree</key>
			<string>&lt;group&gt;</string>
		</dict>
		<key>D82CB1FD1556051A00499A08</key>
		<dict>
			<key>fileRef</key>
			<string>D82CB1FB1556051A00499A08</string>
			<key>isa</key>
			<string>PBXBuildFile</string>
		</dict>
		<key>D82CB1FE1556051A00499A08</key>
		<dict>
			<key>isa</key>
			<string>PBXFileReference</string>
			<key>lastKnownFileType</key>
			<string>sourcecode.c.objc</string>
			<key>path</key>
			<string>main.m</string>
			<key>sourceTree</key>
			<string>&lt;group&gt;</string>
		</dict>
		<key>D82CB1FF1556051A00499A08</key>
		<dict>
			<key>fileRef</key>
			<string>D82CB1FE1556051A00499A08</string>
			<key>isa</key>
			<string>PBXBuildFile</string>
		</dict>
		<key>D82CB2001556051A00499A08</key>
		<dict>
			<key>isa</key>
			<string>PBXFileReference</string>
			<key>lastKnownFileType</key>
			<string>sourcecode.c.h</string>
			<key>path</key>
			<string>GroupThink-Prefix.pch</string>
			<key>sourceTree</key>
			<string>&lt;group&gt;</string>
		</dict>
		<key>D82CB2011556051A00499A08</key>
		<dict>
			<key>isa</key>
			<string>PBXFileReference</string>
			<key>lastKnownFileType</key>
			<string>sourcecode.c.h</string>
			<key>path</key>
			<string>AppDelegate.h</string>
			<key>sourceTree</key>
			<string>&lt;group&gt;</string>
		</dict>
		<key>D82CB2021556051A00499A08</key>
		<dict>
			<key>isa</key>
			<string>PBXFileReference</string>
			<key>lastKnownFileType</key>
			<string>sourcecode.c.objc</string>
			<key>path</key>
			<string>AppDelegate.m</string>
			<key>sourceTree</key>
			<string>&lt;group&gt;</string>
		</dict>
		<key>D82CB2031556051A00499A08</key>
		<dict>
			<key>fileRef</key>
			<string>D82CB2021556051A00499A08</string>
			<key>isa</key>
			<string>PBXBuildFile</string>
		</dict>
		<key>D82CB2061556051A00499A08</key>
		<dict>
			<key>children</key>
			<array>
				<string>D82CB2071556051A00499A08</string>
			</array>
			<key>isa</key>
			<string>PBXVariantGroup</string>
			<key>name</key>
			<string>MainStoryboard_iPhone.storyboard</string>
			<key>sourceTree</key>
			<string>&lt;group&gt;</string>
		</dict>
		<key>D82CB2071556051A00499A08</key>
		<dict>
			<key>isa</key>
			<string>PBXFileReference</string>
			<key>lastKnownFileType</key>
			<string>file.storyboard</string>
			<key>name</key>
			<string>en</string>
			<key>path</key>
			<string>en.lproj/MainStoryboard_iPhone.storyboard</string>
			<key>sourceTree</key>
			<string>&lt;group&gt;</string>
		</dict>
		<key>D82CB2081556051A00499A08</key>
		<dict>
			<key>fileRef</key>
			<string>D82CB2061556051A00499A08</string>
			<key>isa</key>
			<string>PBXBuildFile</string>
		</dict>
		<key>D82CB20C1556051A00499A08</key>
		<dict>
			<key>isa</key>
			<string>PBXFileReference</string>
			<key>lastKnownFileType</key>
			<string>sourcecode.c.h</string>
			<key>path</key>
			<string>LoginViewController.h</string>
			<key>sourceTree</key>
			<string>&lt;group&gt;</string>
		</dict>
		<key>D82CB20D1556051A00499A08</key>
		<dict>
			<key>isa</key>
			<string>PBXFileReference</string>
			<key>lastKnownFileType</key>
			<string>sourcecode.c.objc</string>
			<key>path</key>
			<string>LoginViewController.m</string>
			<key>sourceTree</key>
			<string>&lt;group&gt;</string>
		</dict>
		<key>D82CB20E1556051A00499A08</key>
		<dict>
			<key>fileRef</key>
			<string>D82CB20D1556051A00499A08</string>
			<key>isa</key>
			<string>PBXBuildFile</string>
		</dict>
		<key>D82CB20F1556051A00499A08</key>
		<dict>
			<key>buildActionMask</key>
			<string>2147483647</string>
			<key>files</key>
			<array>
				<string>D82CB2231556051A00499A08</string>
				<string>D8410FAB15852F2100926FAE</string>
			</array>
			<key>isa</key>
			<string>PBXSourcesBuildPhase</string>
			<key>runOnlyForDeploymentPostprocessing</key>
			<string>0</string>
		</dict>
		<key>D82CB2101556051A00499A08</key>
		<dict>
			<key>buildActionMask</key>
			<string>2147483647</string>
			<key>files</key>
			<array>
				<string>D82CB2161556051A00499A08</string>
				<string>D82CB2171556051A00499A08</string>
				<string>D82CB2181556051A00499A08</string>
				<string>D8410FA615852D9000926FAE</string>
			</array>
			<key>isa</key>
			<string>PBXFrameworksBuildPhase</string>
			<key>runOnlyForDeploymentPostprocessing</key>
			<string>0</string>
		</dict>
		<key>D82CB2111556051A00499A08</key>
		<dict>
			<key>buildActionMask</key>
			<string>2147483647</string>
			<key>files</key>
			<array>
				<string>D82CB2201556051A00499A08</string>
			</array>
			<key>isa</key>
			<string>PBXResourcesBuildPhase</string>
			<key>runOnlyForDeploymentPostprocessing</key>
			<string>0</string>
		</dict>
		<key>D82CB2121556051A00499A08</key>
		<dict>
			<key>buildActionMask</key>
			<string>2147483647</string>
			<key>files</key>
			<array/>
			<key>inputPaths</key>
			<array/>
			<key>isa</key>
			<string>PBXShellScriptBuildPhase</string>
			<key>outputPaths</key>
			<array/>
			<key>runOnlyForDeploymentPostprocessing</key>
			<string>0</string>
			<key>shellPath</key>
			<string>/bin/sh</string>
			<key>shellScript</key>
			<string># Run the unit tests in this test bundle.
"${SYSTEM_DEVELOPER_DIR}/Tools/RunUnitTests"
</string>
		</dict>
		<key>D82CB2131556051A00499A08</key>
		<dict>
			<key>buildConfigurationList</key>
			<string>D82CB2291556051A00499A08</string>
			<key>buildPhases</key>
			<array>
				<string>D82CB20F1556051A00499A08</string>
				<string>D82CB2101556051A00499A08</string>
				<string>D82CB2111556051A00499A08</string>
				<string>D82CB2121556051A00499A08</string>
			</array>
			<key>buildRules</key>
			<array/>
			<key>dependencies</key>
			<array>
				<string>D82CB21A1556051A00499A08</string>
			</array>
			<key>isa</key>
			<string>PBXNativeTarget</string>
			<key>name</key>
			<string>GroupThinkTests</string>
			<key>productName</key>
			<string>GroupThinkTests</string>
			<key>productReference</key>
			<string>D82CB2141556051A00499A08</string>
			<key>productType</key>
			<string>com.apple.product-type.bundle</string>
		</dict>
		<key>D82CB2141556051A00499A08</key>
		<dict>
			<key>explicitFileType</key>
			<string>wrapper.cfbundle</string>
			<key>includeInIndex</key>
			<string>0</string>
			<key>isa</key>
			<string>PBXFileReference</string>
			<key>name</key>
			<string>GroupThinkTests.octest</string>
			<key>path</key>
			<string>GroupThinkTests.octest</string>
			<key>sourceTree</key>
			<string>BUILT_PRODUCTS_DIR</string>
		</dict>
		<key>D82CB2151556051A00499A08</key>
		<dict>
			<key>isa</key>
			<string>PBXFileReference</string>
			<key>lastKnownFileType</key>
			<string>wrapper.framework</string>
			<key>name</key>
			<string>SenTestingKit.framework</string>
			<key>path</key>
			<string>Library/Frameworks/SenTestingKit.framework</string>
			<key>sourceTree</key>
			<string>DEVELOPER_DIR</string>
		</dict>
		<key>D82CB2161556051A00499A08</key>
		<dict>
			<key>fileRef</key>
			<string>D82CB2151556051A00499A08</string>
			<key>isa</key>
			<string>PBXBuildFile</string>
		</dict>
		<key>D82CB2171556051A00499A08</key>
		<dict>
			<key>fileRef</key>
			<string>D82CB1F21556051A00499A08</string>
			<key>isa</key>
			<string>PBXBuildFile</string>
		</dict>
		<key>D82CB2181556051A00499A08</key>
		<dict>
			<key>fileRef</key>
			<string>D82CB1F41556051A00499A08</string>
			<key>isa</key>
			<string>PBXBuildFile</string>
		</dict>
		<key>D82CB2191556051A00499A08</key>
		<dict>
			<key>containerPortal</key>
			<string>D82CB1E51556051A00499A08</string>
			<key>isa</key>
			<string>PBXContainerItemProxy</string>
			<key>proxyType</key>
			<string>1</string>
			<key>remoteGlobalIDString</key>
			<string>D82CB1ED1556051A00499A08</string>
			<key>remoteInfo</key>
			<string>GroupThink</string>
		</dict>
		<key>D82CB21A1556051A00499A08</key>
		<dict>
			<key>isa</key>
			<string>PBXTargetDependency</string>
			<key>target</key>
			<string>D82CB1ED1556051A00499A08</string>
			<key>targetProxy</key>
			<string>D82CB2191556051A00499A08</string>
		</dict>
		<key>D82CB21B1556051A00499A08</key>
		<dict>
			<key>children</key>
			<array>
				<string>D82CB2211556051A00499A08</string>
				<string>D82CB2221556051A00499A08</string>
				<string>D82CB21C1556051A00499A08</string>
			</array>
			<key>isa</key>
			<string>PBXGroup</string>
			<key>path</key>
			<string>GroupThinkTests</string>
			<key>sourceTree</key>
			<string>&lt;group&gt;</string>
		</dict>
		<key>D82CB21C1556051A00499A08</key>
		<dict>
			<key>children</key>
			<array>
				<string>D82CB21D1556051A00499A08</string>
				<string>D82CB21E1556051A00499A08</string>
			</array>
			<key>isa</key>
			<string>PBXGroup</string>
			<key>name</key>
			<string>Supporting Files</string>
			<key>sourceTree</key>
			<string>&lt;group&gt;</string>
		</dict>
		<key>D82CB21D1556051A00499A08</key>
		<dict>
			<key>isa</key>
			<string>PBXFileReference</string>
			<key>lastKnownFileType</key>
			<string>text.plist.xml</string>
			<key>path</key>
			<string>GroupThinkTests-Info.plist</string>
			<key>sourceTree</key>
			<string>&lt;group&gt;</string>
		</dict>
		<key>D82CB21E1556051A00499A08</key>
		<dict>
			<key>children</key>
			<array>
				<string>D82CB21F1556051A00499A08</string>
			</array>
			<key>isa</key>
			<string>PBXVariantGroup</string>
			<key>name</key>
			<string>InfoPlist.strings</string>
			<key>sourceTree</key>
			<string>&lt;group&gt;</string>
		</dict>
		<key>D82CB21F1556051A00499A08</key>
		<dict>
			<key>isa</key>
			<string>PBXFileReference</string>
			<key>lastKnownFileType</key>
			<string>text.plist.strings</string>
			<key>name</key>
			<string>en</string>
			<key>path</key>
			<string>en.lproj/InfoPlist.strings</string>
			<key>sourceTree</key>
			<string>&lt;group&gt;</string>
		</dict>
		<key>D82CB2201556051A00499A08</key>
		<dict>
			<key>fileRef</key>
			<string>D82CB21E1556051A00499A08</string>
			<key>isa</key>
			<string>PBXBuildFile</string>
		</dict>
		<key>D82CB2211556051A00499A08</key>
		<dict>
			<key>isa</key>
			<string>PBXFileReference</string>
			<key>lastKnownFileType</key>
			<string>sourcecode.c.h</string>
			<key>path</key>
			<string>GroupThinkTests.h</string>
			<key>sourceTree</key>
			<string>&lt;group&gt;</string>
		</dict>
		<key>D82CB2221556051A00499A08</key>
		<dict>
			<key>isa</key>
			<string>PBXFileReference</string>
			<key>lastKnownFileType</key>
			<string>sourcecode.c.objc</string>
			<key>path</key>
			<string>GroupThinkTests.m</string>
			<key>sourceTree</key>
			<string>&lt;group&gt;</string>
		</dict>
		<key>D82CB2231556051A00499A08</key>
		<dict>
			<key>fileRef</key>
			<string>D82CB2221556051A00499A08</string>
			<key>isa</key>
			<string>PBXBuildFile</string>
		</dict>
		<key>D82CB2241556051A00499A08</key>
		<dict>
			<key>buildSettings</key>
			<dict>
				<key>ALWAYS_SEARCH_USER_PATHS</key>
				<string>NO</string>
				<key>ARCHS</key>
				<string>$(ARCHS_STANDARD_32_BIT)</string>
				<key>CLANG_ENABLE_OBJC_ARC</key>
				<string>YES</string>
				<key>CLANG_WARN__DUPLICATE_METHOD_MATCH</key>
				<string>YES</string>
				<key>CODE_SIGN_IDENTITY</key>
				<string>iPhone Developer: Joseph Smith (ZE3SRXBFX6)</string>
				<key>CODE_SIGN_IDENTITY[sdk=iphoneos*]</key>
				<string>iPhone Developer</string>
				<key>COPY_PHASE_STRIP</key>
				<string>NO</string>
				<key>GCC_C_LANGUAGE_STANDARD</key>
				<string>gnu99</string>
				<key>GCC_DYNAMIC_NO_PIC</key>
				<string>NO</string>
				<key>GCC_OPTIMIZATION_LEVEL</key>
				<string>0</string>
				<key>GCC_PREPROCESSOR_DEFINITIONS</key>
				<array>
					<string>DEBUG=1</string>
					<string>$(inherited)</string>
				</array>
				<key>GCC_SYMBOLS_PRIVATE_EXTERN</key>
				<string>NO</string>
				<key>GCC_VERSION</key>
				<string>com.apple.compilers.llvm.clang.1_0</string>
				<key>GCC_WARN_ABOUT_RETURN_TYPE</key>
				<string>YES</string>
				<key>GCC_WARN_UNINITIALIZED_AUTOS</key>
				<string>YES</string>
				<key>GCC_WARN_UNUSED_VARIABLE</key>
				<string>YES</string>
				<key>INSTALL_PATH</key>
				<string>/Users/joe/Desktop</string>
				<key>IPHONEOS_DEPLOYMENT_TARGET</key>
				<string>5.1</string>
				<key>PRODUCT_NAME</key>
				<string>GroupThink</string>
				<key>PROVISIONING_PROFILE</key>
				<string>060029DE-9BF9-402F-A14D-61229E8F1DDB</string>
				<key>SDKROOT</key>
				<string>iphoneos</string>
				<key>STRIP_INSTALLED_PRODUCT</key>
				<string>NO</string>
				<key>TARGETED_DEVICE_FAMILY</key>
				<string>1</string>
			</dict>
			<key>isa</key>
			<string>XCBuildConfiguration</string>
			<key>name</key>
			<string>Debug</string>
		</dict>
		<key>D82CB2251556051A00499A08</key>
		<dict>
			<key>buildSettings</key>
			<dict>
				<key>ALWAYS_SEARCH_USER_PATHS</key>
				<string>NO</string>
				<key>ARCHS</key>
				<string>$(ARCHS_STANDARD_32_BIT)</string>
				<key>CLANG_ENABLE_OBJC_ARC</key>
				<string>YES</string>
				<key>CLANG_WARN__DUPLICATE_METHOD_MATCH</key>
				<string>YES</string>
				<key>CODE_SIGN_IDENTITY</key>
				<string>iPhone Distribution</string>
				<key>CODE_SIGN_IDENTITY[sdk=iphoneos*]</key>
				<string>iPhone Developer</string>
				<key>COPY_PHASE_STRIP</key>
				<string>NO</string>
				<key>GCC_C_LANGUAGE_STANDARD</key>
				<string>gnu99</string>
				<key>GCC_VERSION</key>
				<string>com.apple.compilers.llvm.clang.1_0</string>
				<key>GCC_WARN_ABOUT_RETURN_TYPE</key>
				<string>YES</string>
				<key>GCC_WARN_UNINITIALIZED_AUTOS</key>
				<string>YES</string>
				<key>GCC_WARN_UNUSED_VARIABLE</key>
				<string>YES</string>
				<key>INSTALL_PATH</key>
				<string>/Users/joe/Desktop</string>
				<key>IPHONEOS_DEPLOYMENT_TARGET</key>
				<string>5.1</string>
				<key>OTHER_CFLAGS</key>
				<string>-DNS_BLOCK_ASSERTIONS=1</string>
				<key>PRODUCT_NAME</key>
				<string>GroupThink</string>
				<key>PROVISIONING_PROFILE</key>
				<string></string>
				<key>SDKROOT</key>
				<string>iphoneos</string>
				<key>STRIP_INSTALLED_PRODUCT</key>
				<string>NO</string>
				<key>TARGETED_DEVICE_FAMILY</key>
				<string>1</string>
				<key>VALIDATE_PRODUCT</key>
				<string>YES</string>
			</dict>
			<key>isa</key>
			<string>XCBuildConfiguration</string>
			<key>name</key>
			<string>Release</string>
		</dict>
		<key>D82CB2261556051A00499A08</key>
		<dict>
			<key>buildConfigurations</key>
			<array>
				<string>D82CB2271556051A00499A08</string>
				<string>D82CB2281556051A00499A08</string>
			</array>
			<key>defaultConfigurationIsVisible</key>
			<string>0</string>
			<key>defaultConfigurationName</key>
			<string>Release</string>
			<key>isa</key>
			<string>XCConfigurationList</string>
		</dict>
		<key>D82CB2271556051A00499A08</key>
		<dict>
			<key>baseConfigurationReference</key>
			<string>266CB12CDB12491DA8912A40</string>
			<key>buildSettings</key>
			<dict>
				<key>CODE_SIGN_ENTITLEMENTS</key>
				<string>GroupThink/GroupThink.entitlements</string>
				<key>CODE_SIGN_IDENTITY</key>
				<string>iPhone Developer</string>
				<key>CODE_SIGN_IDENTITY[sdk=iphoneos*]</key>
				<string>iPhone Developer</string>
				<key>FRAMEWORK_SEARCH_PATHS</key>
				<array>
					<string>$(inherited)</string>
					<string>"$(SRCROOT)"</string>
				</array>
				<key>GCC_PRECOMPILE_PREFIX_HEADER</key>
				<string>YES</string>
				<key>GCC_PREFIX_HEADER</key>
				<string>GroupThink/GroupThink-Prefix.pch</string>
				<key>INFOPLIST_FILE</key>
				<string>GroupThink/GroupThink-Info.plist</string>
				<key>LIBRARY_SEARCH_PATHS</key>
				<array>
					<string>$(inherited)</string>
					<string>"$(SRCROOT)/TestFlightSDK1"</string>
				</array>
				<key>PRODUCT_NAME</key>
				<string>$(TARGET_NAME)</string>
				<key>PROVISIONING_PROFILE</key>
				<string></string>
				<key>PROVISIONING_PROFILE[sdk=iphoneos*]</key>
				<string></string>
				<key>WRAPPER_EXTENSION</key>
				<string>app</string>
			</dict>
			<key>isa</key>
			<string>XCBuildConfiguration</string>
			<key>name</key>
			<string>Debug</string>
		</dict>
		<key>D82CB2281556051A00499A08</key>
		<dict>
			<key>baseConfigurationReference</key>
			<string>266CB12CDB12491DA8912A40</string>
			<key>buildSettings</key>
			<dict>
				<key>CODE_SIGN_ENTITLEMENTS</key>
				<string>GroupThink/GroupThink.entitlements</string>
				<key>CODE_SIGN_IDENTITY</key>
				<string>iPhone Distribution</string>
				<key>CODE_SIGN_IDENTITY[sdk=iphoneos*]</key>
				<string>iPhone Distribution</string>
				<key>FRAMEWORK_SEARCH_PATHS</key>
				<array>
					<string>$(inherited)</string>
					<string>"$(SRCROOT)"</string>
				</array>
				<key>GCC_PRECOMPILE_PREFIX_HEADER</key>
				<string>YES</string>
				<key>GCC_PREFIX_HEADER</key>
				<string>GroupThink/GroupThink-Prefix.pch</string>
				<key>INFOPLIST_FILE</key>
				<string>GroupThink/GroupThink-Info.plist</string>
				<key>LIBRARY_SEARCH_PATHS</key>
				<array>
					<string>$(inherited)</string>
					<string>"$(SRCROOT)/TestFlightSDK1"</string>
				</array>
				<key>PRODUCT_NAME</key>
				<string>$(TARGET_NAME)</string>
				<key>PROVISIONING_PROFILE</key>
				<string></string>
				<key>PROVISIONING_PROFILE[sdk=iphoneos*]</key>
				<string></string>
				<key>WRAPPER_EXTENSION</key>
				<string>app</string>
			</dict>
			<key>isa</key>
			<string>XCBuildConfiguration</string>
			<key>name</key>
			<string>Release</string>
		</dict>
		<key>D82CB2291556051A00499A08</key>
		<dict>
			<key>buildConfigurations</key>
			<array>
				<string>D82CB22A1556051A00499A08</string>
				<string>D82CB22B1556051A00499A08</string>
			</array>
			<key>defaultConfigurationIsVisible</key>
			<string>0</string>
			<key>defaultConfigurationName</key>
			<string>Release</string>
			<key>isa</key>
			<string>XCConfigurationList</string>
		</dict>
		<key>D82CB22A1556051A00499A08</key>
		<dict>
			<key>buildSettings</key>
			<dict>
				<key>BUNDLE_LOADER</key>
				<string>$(BUILT_PRODUCTS_DIR)/GroupThink.app/GroupThink</string>
				<key>FRAMEWORK_SEARCH_PATHS</key>
				<array>
					<string>"$(SDKROOT)/Developer/Library/Frameworks"</string>
					<string>"$(DEVELOPER_LIBRARY_DIR)/Frameworks"</string>
					<string>"$(SRCROOT)"</string>
				</array>
				<key>GCC_PRECOMPILE_PREFIX_HEADER</key>
				<string>YES</string>
				<key>GCC_PREFIX_HEADER</key>
				<string>GroupThink/GroupThink-Prefix.pch</string>
				<key>INFOPLIST_FILE</key>
				<string>GroupThinkTests/GroupThinkTests-Info.plist</string>
				<key>PRODUCT_NAME</key>
				<string>$(TARGET_NAME)</string>
				<key>TEST_HOST</key>
				<string>$(BUNDLE_LOADER)</string>
				<key>WRAPPER_EXTENSION</key>
				<string>octest</string>
			</dict>
			<key>isa</key>
			<string>XCBuildConfiguration</string>
			<key>name</key>
			<string>Debug</string>
		</dict>
		<key>D82CB22B1556051A00499A08</key>
		<dict>
			<key>buildSettings</key>
			<dict>
				<key>BUNDLE_LOADER</key>
				<string>$(BUILT_PRODUCTS_DIR)/GroupThink.app/GroupThink</string>
				<key>FRAMEWORK_SEARCH_PATHS</key>
				<array>
					<string>"$(SDKROOT)/Developer/Library/Frameworks"</string>
					<string>"$(DEVELOPER_LIBRARY_DIR)/Frameworks"</string>
					<string>"$(SRCROOT)"</string>
				</array>
				<key>GCC_PRECOMPILE_PREFIX_HEADER</key>
				<string>YES</string>
				<key>GCC_PREFIX_HEADER</key>
				<string>GroupThink/GroupThink-Prefix.pch</string>
				<key>INFOPLIST_FILE</key>
				<string>GroupThinkTests/GroupThinkTests-Info.plist</string>
				<key>PRODUCT_NAME</key>
				<string>$(TARGET_NAME)</string>
				<key>TEST_HOST</key>
				<string>$(BUNDLE_LOADER)</string>
				<key>WRAPPER_EXTENSION</key>
				<string>octest</string>
			</dict>
			<key>isa</key>
			<string>XCBuildConfiguration</string>
			<key>name</key>
			<string>Release</string>
		</dict>
		<key>D82CB22E1556059C00499A08</key>
		<dict>
			<key>includeInIndex</key>
			<string>1</string>
			<key>isa</key>
			<string>PBXFileReference</string>
			<key>lastKnownFileType</key>
			<string>wrapper.framework</string>
			<key>name</key>
			<string>CFNetwork.framework</string>
			<key>path</key>
			<string>System/Library/Frameworks/CFNetwork.framework</string>
			<key>sourceTree</key>
			<string>SDKROOT</string>
		</dict>
		<key>D82CB22F1556059C00499A08</key>
		<dict>
			<key>fileRef</key>
			<string>D82CB22E1556059C00499A08</string>
			<key>isa</key>
			<string>PBXBuildFile</string>
		</dict>
		<key>D82CB230155605A900499A08</key>
		<dict>
			<key>includeInIndex</key>
			<string>1</string>
			<key>isa</key>
			<string>PBXFileReference</string>
			<key>lastKnownFileType</key>
			<string>wrapper.framework</string>
			<key>name</key>
			<string>SystemConfiguration.framework</string>
			<key>path</key>
			<string>System/Library/Frameworks/SystemConfiguration.framework</string>
			<key>sourceTree</key>
			<string>SDKROOT</string>
		</dict>
		<key>D82CB231155605A900499A08</key>
		<dict>
			<key>fileRef</key>
			<string>D82CB230155605A900499A08</string>
			<key>isa</key>
			<string>PBXBuildFile</string>
		</dict>
		<key>D82CB232155605B500499A08</key>
		<dict>
			<key>includeInIndex</key>
			<string>1</string>
			<key>isa</key>
			<string>PBXFileReference</string>
			<key>lastKnownFileType</key>
			<string>wrapper.framework</string>
			<key>name</key>
			<string>MobileCoreServices.framework</string>
			<key>path</key>
			<string>System/Library/Frameworks/MobileCoreServices.framework</string>
			<key>sourceTree</key>
			<string>SDKROOT</string>
		</dict>
		<key>D82CB233155605B500499A08</key>
		<dict>
			<key>fileRef</key>
			<string>D82CB232155605B500499A08</string>
			<key>isa</key>
			<string>PBXBuildFile</string>
		</dict>
		<key>D82CB234155605C100499A08</key>
		<dict>
			<key>includeInIndex</key>
			<string>1</string>
			<key>isa</key>
			<string>PBXFileReference</string>
			<key>lastKnownFileType</key>
			<string>wrapper.framework</string>
			<key>name</key>
			<string>AudioToolbox.framework</string>
			<key>path</key>
			<string>System/Library/Frameworks/AudioToolbox.framework</string>
			<key>sourceTree</key>
			<string>SDKROOT</string>
		</dict>
		<key>D82CB235155605C100499A08</key>
		<dict>
			<key>fileRef</key>
			<string>D82CB234155605C100499A08</string>
			<key>isa</key>
			<string>PBXBuildFile</string>
		</dict>
		<key>D82CB236155605CC00499A08</key>
		<dict>
			<key>includeInIndex</key>
			<string>1</string>
			<key>isa</key>
			<string>PBXFileReference</string>
			<key>lastKnownFileType</key>
			<string>wrapper.framework</string>
			<key>name</key>
			<string>Security.framework</string>
			<key>path</key>
			<string>System/Library/Frameworks/Security.framework</string>
			<key>sourceTree</key>
			<string>SDKROOT</string>
		</dict>
		<key>D82CB237155605CC00499A08</key>
		<dict>
			<key>fileRef</key>
			<string>D82CB236155605CC00499A08</string>
			<key>isa</key>
			<string>PBXBuildFile</string>
		</dict>
		<key>D82CB238155605D900499A08</key>
		<dict>
			<key>includeInIndex</key>
			<string>1</string>
			<key>isa</key>
			<string>PBXFileReference</string>
			<key>lastKnownFileType</key>
			<string>wrapper.framework</string>
			<key>name</key>
			<string>QuartzCore.framework</string>
			<key>path</key>
			<string>System/Library/Frameworks/QuartzCore.framework</string>
			<key>sourceTree</key>
			<string>SDKROOT</string>
		</dict>
		<key>D82CB239155605D900499A08</key>
		<dict>
			<key>fileRef</key>
			<string>D82CB238155605D900499A08</string>
			<key>isa</key>
			<string>PBXBuildFile</string>
		</dict>
		<key>D82CB23A155605E900499A08</key>
		<dict>
			<key>includeInIndex</key>
			<string>1</string>
			<key>isa</key>
			<string>PBXFileReference</string>
			<key>lastKnownFileType</key>
			<string>compiled.mach-o.dylib</string>
			<key>name</key>
			<string>libz.1.1.3.dylib</string>
			<key>path</key>
			<string>usr/lib/libz.1.1.3.dylib</string>
			<key>sourceTree</key>
			<string>SDKROOT</string>
		</dict>
		<key>D82CB23B155605E900499A08</key>
		<dict>
			<key>fileRef</key>
			<string>D82CB23A155605E900499A08</string>
			<key>isa</key>
			<string>PBXBuildFile</string>
		</dict>
		<key>D82CB23C1556119F00499A08</key>
		<dict>
			<key>fileEncoding</key>
			<string>4</string>
			<key>isa</key>
			<string>PBXFileReference</string>
			<key>lastKnownFileType</key>
			<string>sourcecode.c.h</string>
			<key>path</key>
			<string>PollTableViewController.h</string>
			<key>sourceTree</key>
			<string>&lt;group&gt;</string>
		</dict>
		<key>D82CB23D1556119F00499A08</key>
		<dict>
			<key>fileEncoding</key>
			<string>4</string>
			<key>isa</key>
			<string>PBXFileReference</string>
			<key>lastKnownFileType</key>
			<string>sourcecode.c.objc</string>
			<key>path</key>
			<string>PollTableViewController.m</string>
			<key>sourceTree</key>
			<string>&lt;group&gt;</string>
		</dict>
		<key>D82CB23E1556119F00499A08</key>
		<dict>
			<key>fileRef</key>
			<string>D82CB23D1556119F00499A08</string>
			<key>isa</key>
			<string>PBXBuildFile</string>
		</dict>
		<key>D8374EE2155F06C200BC1617</key>
		<dict>
			<key>children</key>
			<array>
				<string>D8374EE3155F06C200BC1617</string>
				<string>D8374EE4155F06C200BC1617</string>
				<string>D8374EE5155F06C200BC1617</string>
				<string>D8374EE6155F06C200BC1617</string>
			</array>
			<key>isa</key>
			<string>PBXGroup</string>
			<key>path</key>
			<string>TestFlightSDK1</string>
			<key>sourceTree</key>
			<string>&lt;group&gt;</string>
		</dict>
		<key>D8374EE3155F06C200BC1617</key>
		<dict>
			<key>includeInIndex</key>
			<string>1</string>
			<key>isa</key>
			<string>PBXFileReference</string>
			<key>lastKnownFileType</key>
			<string>archive.ar</string>
			<key>name</key>
			<string>libTestFlight.a</string>
			<key>path</key>
			<string>libTestFlight.a</string>
			<key>sourceTree</key>
			<string>&lt;group&gt;</string>
		</dict>
		<key>D8374EE4155F06C200BC1617</key>
		<dict>
			<key>fileEncoding</key>
			<string>4</string>
			<key>isa</key>
			<string>PBXFileReference</string>
			<key>lastKnownFileType</key>
			<string>text</string>
			<key>path</key>
			<string>README.txt</string>
			<key>sourceTree</key>
			<string>&lt;group&gt;</string>
		</dict>
		<key>D8374EE5155F06C200BC1617</key>
		<dict>
			<key>fileEncoding</key>
			<string>4</string>
			<key>isa</key>
			<string>PBXFileReference</string>
			<key>lastKnownFileType</key>
			<string>text</string>
			<key>path</key>
			<string>release_notes.txt</string>
			<key>sourceTree</key>
			<string>&lt;group&gt;</string>
		</dict>
		<key>D8374EE6155F06C200BC1617</key>
		<dict>
			<key>fileEncoding</key>
			<string>4</string>
			<key>isa</key>
			<string>PBXFileReference</string>
			<key>lastKnownFileType</key>
			<string>sourcecode.c.h</string>
			<key>path</key>
			<string>TestFlight.h</string>
			<key>sourceTree</key>
			<string>&lt;group&gt;</string>
		</dict>
		<key>D8374EE7155F06C200BC1617</key>
		<dict>
			<key>fileRef</key>
			<string>D8374EE3155F06C200BC1617</string>
			<key>isa</key>
			<string>PBXBuildFile</string>
		</dict>
		<key>D8374EE8155F06C200BC1617</key>
		<dict>
			<key>fileRef</key>
			<string>D8374EE4155F06C200BC1617</string>
			<key>isa</key>
			<string>PBXBuildFile</string>
		</dict>
		<key>D8374EE9155F06C200BC1617</key>
		<dict>
			<key>fileRef</key>
			<string>D8374EE5155F06C200BC1617</string>
			<key>isa</key>
			<string>PBXBuildFile</string>
		</dict>
		<key>D8410FA0158528CD00926FAE</key>
		<dict>
			<key>fileEncoding</key>
			<string>4</string>
			<key>isa</key>
			<string>PBXFileReference</string>
			<key>lastKnownFileType</key>
			<string>sourcecode.c.h</string>
			<key>path</key>
			<string>CreateParsePollTest.h</string>
			<key>sourceTree</key>
			<string>&lt;group&gt;</string>
		</dict>
		<key>D8410FA1158528CD00926FAE</key>
		<dict>
			<key>fileEncoding</key>
			<string>4</string>
			<key>isa</key>
			<string>PBXFileReference</string>
			<key>lastKnownFileType</key>
			<string>sourcecode.c.objc</string>
			<key>path</key>
			<string>CreateParsePollTest.m</string>
			<key>sourceTree</key>
			<string>&lt;group&gt;</string>
		</dict>
		<key>D8410FA2158528CD00926FAE</key>
		<dict>
			<key>fileRef</key>
			<string>D8410FA1158528CD00926FAE</string>
			<key>isa</key>
			<string>PBXBuildFile</string>
		</dict>
		<key>D8410FA415852D9000926FAE</key>
		<dict>
			<key>includeInIndex</key>
			<string>1</string>
			<key>isa</key>
			<string>PBXFileReference</string>
			<key>lastKnownFileType</key>
			<string>wrapper.framework</string>
			<key>name</key>
			<string>Parse.framework</string>
			<key>path</key>
			<string>Parse.framework</string>
			<key>sourceTree</key>
			<string>&lt;group&gt;</string>
		</dict>
		<key>D8410FA515852D9000926FAE</key>
		<dict>
			<key>fileRef</key>
			<string>D8410FA415852D9000926FAE</string>
			<key>isa</key>
			<string>PBXBuildFile</string>
		</dict>
		<key>D8410FA615852D9000926FAE</key>
		<dict>
			<key>fileRef</key>
			<string>D8410FA415852D9000926FAE</string>
			<key>isa</key>
			<string>PBXBuildFile</string>
		</dict>
		<key>D8410FA715852D9000926FAE</key>
		<dict>
			<key>fileRef</key>
			<string>D8410FA415852D9000926FAE</string>
			<key>isa</key>
			<string>PBXBuildFile</string>
		</dict>
		<key>D8410FA815852F2100926FAE</key>
		<dict>
			<key>fileEncoding</key>
			<string>4</string>
			<key>isa</key>
			<string>PBXFileReference</string>
			<key>lastKnownFileType</key>
			<string>sourcecode.c.h</string>
			<key>path</key>
			<string>CreateParsePoll.h</string>
			<key>sourceTree</key>
			<string>&lt;group&gt;</string>
		</dict>
		<key>D8410FA915852F2100926FAE</key>
		<dict>
			<key>fileEncoding</key>
			<string>4</string>
			<key>isa</key>
			<string>PBXFileReference</string>
			<key>lastKnownFileType</key>
			<string>sourcecode.c.objc</string>
			<key>path</key>
			<string>CreateParsePoll.m</string>
			<key>sourceTree</key>
			<string>&lt;group&gt;</string>
		</dict>
		<key>D8410FAA15852F2100926FAE</key>
		<dict>
			<key>fileRef</key>
			<string>D8410FA915852F2100926FAE</string>
			<key>isa</key>
			<string>PBXBuildFile</string>
		</dict>
		<key>D8410FAB15852F2100926FAE</key>
		<dict>
			<key>fileRef</key>
			<string>D8410FA915852F2100926FAE</string>
			<key>isa</key>
			<string>PBXBuildFile</string>
		</dict>
		<key>D8410FAC15852F2100926FAE</key>
		<dict>
			<key>fileRef</key>
			<string>D8410FA915852F2100926FAE</string>
			<key>isa</key>
			<string>PBXBuildFile</string>
		</dict>
		<key>D8410FAD1585459200926FAE</key>
		<dict>
			<key>fileRef</key>
			<string>D82CB234155605C100499A08</string>
			<key>isa</key>
			<string>PBXBuildFile</string>
		</dict>
		<key>D8410FAF158545D100926FAE</key>
		<dict>
			<key>fileRef</key>
			<string>D82CB1F61556051A00499A08</string>
			<key>isa</key>
			<string>PBXBuildFile</string>
		</dict>
		<key>D8410FB0158545DF00926FAE</key>
		<dict>
			<key>fileRef</key>
			<string>D82CB230155605A900499A08</string>
			<key>isa</key>
			<string>PBXBuildFile</string>
		</dict>
		<key>D8410FB1158545ED00926FAE</key>
		<dict>
			<key>fileRef</key>
			<string>D82CB236155605CC00499A08</string>
			<key>isa</key>
			<string>PBXBuildFile</string>
		</dict>
		<key>D8410FB21585460700926FAE</key>
		<dict>
			<key>fileRef</key>
			<string>D82CB22E1556059C00499A08</string>
			<key>isa</key>
			<string>PBXBuildFile</string>
		</dict>
		<key>D8410FB31585463400926FAE</key>
		<dict>
			<key>fileRef</key>
			<string>D82CB232155605B500499A08</string>
			<key>isa</key>
			<string>PBXBuildFile</string>
		</dict>
		<key>D8410FB41585464100926FAE</key>
		<dict>
			<key>fileRef</key>
			<string>D82CB1F21556051A00499A08</string>
			<key>isa</key>
			<string>PBXBuildFile</string>
		</dict>
		<key>D8424F661568722E00DBF6C3</key>
		<dict>
			<key>children</key>
			<array>
				<string>D8410FA815852F2100926FAE</string>
				<string>D8410FA915852F2100926FAE</string>
				<string>D863DF591559F63600FA9934</string>
				<string>D863DF5A1559F63600FA9934</string>
				<string>D854FDD51560B6DF00314501</string>
			</array>
			<key>isa</key>
			<string>PBXGroup</string>
			<key>name</key>
			<string>CreatePoll</string>
			<key>sourceTree</key>
			<string>&lt;group&gt;</string>
		</dict>
		<key>D8424F671568725800DBF6C3</key>
		<dict>
			<key>children</key>
			<array>
				<string>D876F1B1156504F6000793CD</string>
				<string>D876F1B2156504F6000793CD</string>
				<string>D82CB23C1556119F00499A08</string>
				<string>D82CB23D1556119F00499A08</string>
				<string>D88D7F90155A1843002C6C36</string>
				<string>D88D7F91155A1843002C6C36</string>
			</array>
			<key>isa</key>
			<string>PBXGroup</string>
			<key>name</key>
			<string>ViewPolls</string>
			<key>sourceTree</key>
			<string>&lt;group&gt;</string>
		</dict>
		<key>D8535E6C15B3F11C0014D7D4</key>
		<dict>
			<key>children</key>
			<array>
				<string>D8535E6D15B3F11C0014D7D4</string>
				<string>D8535E6E15B3F11C0014D7D4</string>
				<string>D8535E6F15B3F11C0014D7D4</string>
				<string>D8535E7015B3F11C0014D7D4</string>
				<string>D8535E7115B3F11C0014D7D4</string>
				<string>D8535E7215B3F11C0014D7D4</string>
				<string>D8535E7315B3F11C0014D7D4</string>
				<string>D8535E7415B3F11C0014D7D4</string>
				<string>D8535E7515B3F11C0014D7D4</string>
				<string>D8535E7615B3F11C0014D7D4</string>
				<string>D8535E7715B3F11C0014D7D4</string>
				<string>D8535E7815B3F11C0014D7D4</string>
				<string>D8535E7915B3F11C0014D7D4</string>
				<string>D8535E7A15B3F11C0014D7D4</string>
				<string>D8535E7B15B3F11C0014D7D4</string>
				<string>D8535E7C15B3F11C0014D7D4</string>
				<string>D8535E7D15B3F11C0014D7D4</string>
				<string>D8535E7E15B3F11C0014D7D4</string>
			</array>
			<key>isa</key>
			<string>PBXGroup</string>
			<key>path</key>
			<string>main</string>
			<key>sourceTree</key>
			<string>&lt;group&gt;</string>
		</dict>
		<key>D8535E6D15B3F11C0014D7D4</key>
		<dict>
			<key>isa</key>
			<string>PBXFileReference</string>
			<key>lastKnownFileType</key>
			<string>image.png</string>
			<key>path</key>
			<string>header-button-explore-off.png</string>
			<key>sourceTree</key>
			<string>&lt;group&gt;</string>
		</dict>
		<key>D8535E6E15B3F11C0014D7D4</key>
		<dict>
			<key>isa</key>
			<string>PBXFileReference</string>
			<key>lastKnownFileType</key>
			<string>image.png</string>
			<key>path</key>
			<string>header-button-explore-off@2x.png</string>
			<key>sourceTree</key>
			<string>&lt;group&gt;</string>
		</dict>
		<key>D8535E6F15B3F11C0014D7D4</key>
		<dict>
			<key>isa</key>
			<string>PBXFileReference</string>
			<key>lastKnownFileType</key>
			<string>image.png</string>
			<key>path</key>
			<string>header-button-explore-on.png</string>
			<key>sourceTree</key>
			<string>&lt;group&gt;</string>
		</dict>
		<key>D8535E7015B3F11C0014D7D4</key>
		<dict>
			<key>isa</key>
			<string>PBXFileReference</string>
			<key>lastKnownFileType</key>
			<string>image.png</string>
			<key>path</key>
			<string>header-button-explore-on@2x.png</string>
			<key>sourceTree</key>
			<string>&lt;group&gt;</string>
		</dict>
		<key>D8535E7115B3F11C0014D7D4</key>
		<dict>
			<key>isa</key>
			<string>PBXFileReference</string>
			<key>lastKnownFileType</key>
			<string>image.png</string>
			<key>path</key>
			<string>header-button-feed-off.png</string>
			<key>sourceTree</key>
			<string>&lt;group&gt;</string>
		</dict>
		<key>D8535E7215B3F11C0014D7D4</key>
		<dict>
			<key>isa</key>
			<string>PBXFileReference</string>
			<key>lastKnownFileType</key>
			<string>image.png</string>
			<key>path</key>
			<string>header-button-feed-off@2x.png</string>
			<key>sourceTree</key>
			<string>&lt;group&gt;</string>
		</dict>
		<key>D8535E7315B3F11C0014D7D4</key>
		<dict>
			<key>isa</key>
			<string>PBXFileReference</string>
			<key>lastKnownFileType</key>
			<string>image.png</string>
			<key>path</key>
			<string>header-button-feed-on.png</string>
			<key>sourceTree</key>
			<string>&lt;group&gt;</string>
		</dict>
		<key>D8535E7415B3F11C0014D7D4</key>
		<dict>
			<key>isa</key>
			<string>PBXFileReference</string>
			<key>lastKnownFileType</key>
			<string>image.png</string>
			<key>path</key>
			<string>header-button-feed-on@2x.png</string>
			<key>sourceTree</key>
			<string>&lt;group&gt;</string>
		</dict>
		<key>D8535E7515B3F11C0014D7D4</key>
		<dict>
			<key>isa</key>
			<string>PBXFileReference</string>
			<key>lastKnownFileType</key>
			<string>image.png</string>
			<key>path</key>
			<string>icon-event.png</string>
			<key>sourceTree</key>
			<string>&lt;group&gt;</string>
		</dict>
		<key>D8535E7615B3F11C0014D7D4</key>
		<dict>
			<key>isa</key>
			<string>PBXFileReference</string>
			<key>lastKnownFileType</key>
			<string>image.png</string>
			<key>path</key>
			<string>icon-event@2x.png</string>
			<key>sourceTree</key>
			<string>&lt;group&gt;</string>
		</dict>
		<key>D8535E7715B3F11C0014D7D4</key>
		<dict>
			<key>isa</key>
			<string>PBXFileReference</string>
			<key>lastKnownFileType</key>
			<string>image.png</string>
			<key>path</key>
			<string>icon-place.png</string>
			<key>sourceTree</key>
			<string>&lt;group&gt;</string>
		</dict>
		<key>D8535E7815B3F11C0014D7D4</key>
		<dict>
			<key>isa</key>
			<string>PBXFileReference</string>
			<key>lastKnownFileType</key>
			<string>image.png</string>
			<key>path</key>
			<string>icon-place@2x.png</string>
			<key>sourceTree</key>
			<string>&lt;group&gt;</string>
		</dict>
		<key>D8535E7915B3F11C0014D7D4</key>
		<dict>
			<key>isa</key>
			<string>PBXFileReference</string>
			<key>lastKnownFileType</key>
			<string>image.png</string>
			<key>path</key>
			<string>icon-yesno.png</string>
			<key>sourceTree</key>
			<string>&lt;group&gt;</string>
		</dict>
		<key>D8535E7A15B3F11C0014D7D4</key>
		<dict>
			<key>isa</key>
			<string>PBXFileReference</string>
			<key>lastKnownFileType</key>
			<string>image.png</string>
			<key>path</key>
			<string>icon-yesno@2x.png</string>
			<key>sourceTree</key>
			<string>&lt;group&gt;</string>
		</dict>
		<key>D8535E7B15B3F11C0014D7D4</key>
		<dict>
			<key>isa</key>
			<string>PBXFileReference</string>
			<key>lastKnownFileType</key>
			<string>image.png</string>
			<key>path</key>
			<string>spash-bg.png</string>
			<key>sourceTree</key>
			<string>&lt;group&gt;</string>
		</dict>
		<key>D8535E7C15B3F11C0014D7D4</key>
		<dict>
			<key>isa</key>
			<string>PBXFileReference</string>
			<key>lastKnownFileType</key>
			<string>image.png</string>
			<key>path</key>
			<string>spash-bg@2x.png</string>
			<key>sourceTree</key>
			<string>&lt;group&gt;</string>
		</dict>
		<key>D8535E7D15B3F11C0014D7D4</key>
		<dict>
			<key>isa</key>
			<string>PBXFileReference</string>
			<key>lastKnownFileType</key>
			<string>image.png</string>
			<key>path</key>
			<string>splash-logo.png</string>
			<key>sourceTree</key>
			<string>&lt;group&gt;</string>
		</dict>
		<key>D8535E7E15B3F11C0014D7D4</key>
		<dict>
			<key>isa</key>
			<string>PBXFileReference</string>
			<key>lastKnownFileType</key>
			<string>image.png</string>
			<key>path</key>
			<string>splash-logo@2x.png</string>
			<key>sourceTree</key>
			<string>&lt;group&gt;</string>
		</dict>
		<key>D8535E7F15B3F11C0014D7D4</key>
		<dict>
			<key>fileRef</key>
			<string>D8535E6D15B3F11C0014D7D4</string>
			<key>isa</key>
			<string>PBXBuildFile</string>
		</dict>
		<key>D8535E8015B3F11C0014D7D4</key>
		<dict>
			<key>fileRef</key>
			<string>D8535E6E15B3F11C0014D7D4</string>
			<key>isa</key>
			<string>PBXBuildFile</string>
		</dict>
		<key>D8535E8115B3F11C0014D7D4</key>
		<dict>
			<key>fileRef</key>
			<string>D8535E6F15B3F11C0014D7D4</string>
			<key>isa</key>
			<string>PBXBuildFile</string>
		</dict>
		<key>D8535E8215B3F11C0014D7D4</key>
		<dict>
			<key>fileRef</key>
			<string>D8535E7015B3F11C0014D7D4</string>
			<key>isa</key>
			<string>PBXBuildFile</string>
		</dict>
		<key>D8535E8315B3F11C0014D7D4</key>
		<dict>
			<key>fileRef</key>
			<string>D8535E7115B3F11C0014D7D4</string>
			<key>isa</key>
			<string>PBXBuildFile</string>
		</dict>
		<key>D8535E8415B3F11C0014D7D4</key>
		<dict>
			<key>fileRef</key>
			<string>D8535E7215B3F11C0014D7D4</string>
			<key>isa</key>
			<string>PBXBuildFile</string>
		</dict>
		<key>D8535E8515B3F11C0014D7D4</key>
		<dict>
			<key>fileRef</key>
			<string>D8535E7315B3F11C0014D7D4</string>
			<key>isa</key>
			<string>PBXBuildFile</string>
		</dict>
		<key>D8535E8615B3F11C0014D7D4</key>
		<dict>
			<key>fileRef</key>
			<string>D8535E7415B3F11C0014D7D4</string>
			<key>isa</key>
			<string>PBXBuildFile</string>
		</dict>
		<key>D8535E8715B3F11C0014D7D4</key>
		<dict>
			<key>fileRef</key>
			<string>D8535E7515B3F11C0014D7D4</string>
			<key>isa</key>
			<string>PBXBuildFile</string>
		</dict>
		<key>D8535E8815B3F11C0014D7D4</key>
		<dict>
			<key>fileRef</key>
			<string>D8535E7615B3F11C0014D7D4</string>
			<key>isa</key>
			<string>PBXBuildFile</string>
		</dict>
		<key>D8535E8915B3F11C0014D7D4</key>
		<dict>
			<key>fileRef</key>
			<string>D8535E7715B3F11C0014D7D4</string>
			<key>isa</key>
			<string>PBXBuildFile</string>
		</dict>
		<key>D8535E8A15B3F11C0014D7D4</key>
		<dict>
			<key>fileRef</key>
			<string>D8535E7815B3F11C0014D7D4</string>
			<key>isa</key>
			<string>PBXBuildFile</string>
		</dict>
		<key>D8535E8B15B3F11C0014D7D4</key>
		<dict>
			<key>fileRef</key>
			<string>D8535E7915B3F11C0014D7D4</string>
			<key>isa</key>
			<string>PBXBuildFile</string>
		</dict>
		<key>D8535E8C15B3F11C0014D7D4</key>
		<dict>
			<key>fileRef</key>
			<string>D8535E7A15B3F11C0014D7D4</string>
			<key>isa</key>
			<string>PBXBuildFile</string>
		</dict>
		<key>D8535E8D15B3F11C0014D7D4</key>
		<dict>
			<key>fileRef</key>
			<string>D8535E7B15B3F11C0014D7D4</string>
			<key>isa</key>
			<string>PBXBuildFile</string>
		</dict>
		<key>D8535E8E15B3F11C0014D7D4</key>
		<dict>
			<key>fileRef</key>
			<string>D8535E7C15B3F11C0014D7D4</string>
			<key>isa</key>
			<string>PBXBuildFile</string>
		</dict>
		<key>D8535E8F15B3F11C0014D7D4</key>
		<dict>
			<key>fileRef</key>
			<string>D8535E7D15B3F11C0014D7D4</string>
			<key>isa</key>
			<string>PBXBuildFile</string>
		</dict>
		<key>D8535E9015B3F11C0014D7D4</key>
		<dict>
			<key>fileRef</key>
			<string>D8535E7E15B3F11C0014D7D4</string>
			<key>isa</key>
			<string>PBXBuildFile</string>
		</dict>
		<key>D8535E9215B3F1260014D7D4</key>
		<dict>
			<key>children</key>
			<array>
				<string>D8535E9315B3F1260014D7D4</string>
				<string>D8535E9415B3F1260014D7D4</string>
				<string>D8535E9515B3F1260014D7D4</string>
				<string>D8535E9615B3F1260014D7D4</string>
				<string>D8535E9715B3F1260014D7D4</string>
				<string>D8535E9815B3F1260014D7D4</string>
				<string>D8535E9915B3F1260014D7D4</string>
				<string>D8535E9A15B3F1260014D7D4</string>
				<string>D8535E9B15B3F1260014D7D4</string>
				<string>D8535E9C15B3F1260014D7D4</string>
				<string>D8535E9D15B3F1260014D7D4</string>
				<string>D8535E9E15B3F1260014D7D4</string>
				<string>D8535E9F15B3F1260014D7D4</string>
				<string>D8535EA015B3F1260014D7D4</string>
				<string>D8535EA115B3F1260014D7D4</string>
				<string>D8535EA215B3F1260014D7D4</string>
				<string>D8535EA315B3F1260014D7D4</string>
				<string>D8535EA415B3F1260014D7D4</string>
			</array>
			<key>isa</key>
			<string>PBXGroup</string>
			<key>path</key>
			<string>details</string>
			<key>sourceTree</key>
			<string>&lt;group&gt;</string>
		</dict>
		<key>D8535E9315B3F1260014D7D4</key>
		<dict>
			<key>isa</key>
			<string>PBXFileReference</string>
			<key>lastKnownFileType</key>
			<string>image.png</string>
			<key>path</key>
			<string>bubble-bottom.png</string>
			<key>sourceTree</key>
			<string>&lt;group&gt;</string>
		</dict>
		<key>D8535E9415B3F1260014D7D4</key>
		<dict>
			<key>isa</key>
			<string>PBXFileReference</string>
			<key>lastKnownFileType</key>
			<string>image.png</string>
			<key>path</key>
			<string>bubble-bottom@2x.png</string>
			<key>sourceTree</key>
			<string>&lt;group&gt;</string>
		</dict>
		<key>D8535E9515B3F1260014D7D4</key>
		<dict>
			<key>isa</key>
			<string>PBXFileReference</string>
			<key>lastKnownFileType</key>
			<string>image.png</string>
			<key>path</key>
			<string>bubble-middle.png</string>
			<key>sourceTree</key>
			<string>&lt;group&gt;</string>
		</dict>
		<key>D8535E9615B3F1260014D7D4</key>
		<dict>
			<key>isa</key>
			<string>PBXFileReference</string>
			<key>lastKnownFileType</key>
			<string>image.png</string>
			<key>path</key>
			<string>bubble-middle@2x.png</string>
			<key>sourceTree</key>
			<string>&lt;group&gt;</string>
		</dict>
		<key>D8535E9715B3F1260014D7D4</key>
		<dict>
			<key>isa</key>
			<string>PBXFileReference</string>
			<key>lastKnownFileType</key>
			<string>image.png</string>
			<key>path</key>
			<string>bubble-top.png</string>
			<key>sourceTree</key>
			<string>&lt;group&gt;</string>
		</dict>
		<key>D8535E9815B3F1260014D7D4</key>
		<dict>
			<key>isa</key>
			<string>PBXFileReference</string>
			<key>lastKnownFileType</key>
			<string>image.png</string>
			<key>path</key>
			<string>bubble-top@2x.png</string>
			<key>sourceTree</key>
			<string>&lt;group&gt;</string>
		</dict>
		<key>D8535E9915B3F1260014D7D4</key>
		<dict>
			<key>isa</key>
			<string>PBXFileReference</string>
			<key>lastKnownFileType</key>
			<string>image.png</string>
			<key>path</key>
			<string>divider-dashes.png</string>
			<key>sourceTree</key>
			<string>&lt;group&gt;</string>
		</dict>
		<key>D8535E9A15B3F1260014D7D4</key>
		<dict>
			<key>isa</key>
			<string>PBXFileReference</string>
			<key>lastKnownFileType</key>
			<string>image.png</string>
			<key>path</key>
			<string>divider-dashes@2x.png</string>
			<key>sourceTree</key>
			<string>&lt;group&gt;</string>
		</dict>
		<key>D8535E9B15B3F1260014D7D4</key>
		<dict>
			<key>isa</key>
			<string>PBXFileReference</string>
			<key>lastKnownFileType</key>
			<string>image.png</string>
			<key>path</key>
			<string>divider-teeth.png</string>
			<key>sourceTree</key>
			<string>&lt;group&gt;</string>
		</dict>
		<key>D8535E9C15B3F1260014D7D4</key>
		<dict>
			<key>isa</key>
			<string>PBXFileReference</string>
			<key>lastKnownFileType</key>
			<string>image.png</string>
			<key>path</key>
			<string>divider-teeth@2x.png</string>
			<key>sourceTree</key>
			<string>&lt;group&gt;</string>
		</dict>
		<key>D8535E9D15B3F1260014D7D4</key>
		<dict>
			<key>isa</key>
			<string>PBXFileReference</string>
			<key>lastKnownFileType</key>
			<string>image.png</string>
			<key>path</key>
			<string>header-logo.png</string>
			<key>sourceTree</key>
			<string>&lt;group&gt;</string>
		</dict>
		<key>D8535E9E15B3F1260014D7D4</key>
		<dict>
			<key>isa</key>
			<string>PBXFileReference</string>
			<key>lastKnownFileType</key>
			<string>image.png</string>
			<key>path</key>
			<string>header-logo@2x.png</string>
			<key>sourceTree</key>
			<string>&lt;group&gt;</string>
		</dict>
		<key>D8535E9F15B3F1260014D7D4</key>
		<dict>
			<key>isa</key>
			<string>PBXFileReference</string>
			<key>lastKnownFileType</key>
			<string>image.png</string>
			<key>path</key>
			<string>question-bubble-bottom.png</string>
			<key>sourceTree</key>
			<string>&lt;group&gt;</string>
		</dict>
		<key>D8535EA015B3F1260014D7D4</key>
		<dict>
			<key>isa</key>
			<string>PBXFileReference</string>
			<key>lastKnownFileType</key>
			<string>image.png</string>
			<key>path</key>
			<string>question-bubble-bottom@2x.png</string>
			<key>sourceTree</key>
			<string>&lt;group&gt;</string>
		</dict>
		<key>D8535EA115B3F1260014D7D4</key>
		<dict>
			<key>isa</key>
			<string>PBXFileReference</string>
			<key>lastKnownFileType</key>
			<string>image.png</string>
			<key>path</key>
			<string>question-bubble-middle.png</string>
			<key>sourceTree</key>
			<string>&lt;group&gt;</string>
		</dict>
		<key>D8535EA215B3F1260014D7D4</key>
		<dict>
			<key>isa</key>
			<string>PBXFileReference</string>
			<key>lastKnownFileType</key>
			<string>image.png</string>
			<key>path</key>
			<string>question-bubble-middle@2x.png</string>
			<key>sourceTree</key>
			<string>&lt;group&gt;</string>
		</dict>
		<key>D8535EA315B3F1260014D7D4</key>
		<dict>
			<key>isa</key>
			<string>PBXFileReference</string>
			<key>lastKnownFileType</key>
			<string>image.png</string>
			<key>path</key>
			<string>question-bubble-top.png</string>
			<key>sourceTree</key>
			<string>&lt;group&gt;</string>
		</dict>
		<key>D8535EA415B3F1260014D7D4</key>
		<dict>
			<key>isa</key>
			<string>PBXFileReference</string>
			<key>lastKnownFileType</key>
			<string>image.png</string>
			<key>path</key>
			<string>question-bubble-top@2x.png</string>
			<key>sourceTree</key>
			<string>&lt;group&gt;</string>
		</dict>
		<key>D8535EA515B3F1260014D7D4</key>
		<dict>
			<key>fileRef</key>
			<string>D8535E9315B3F1260014D7D4</string>
			<key>isa</key>
			<string>PBXBuildFile</string>
		</dict>
		<key>D8535EA615B3F1260014D7D4</key>
		<dict>
			<key>fileRef</key>
			<string>D8535E9415B3F1260014D7D4</string>
			<key>isa</key>
			<string>PBXBuildFile</string>
		</dict>
		<key>D8535EA715B3F1260014D7D4</key>
		<dict>
			<key>fileRef</key>
			<string>D8535E9515B3F1260014D7D4</string>
			<key>isa</key>
			<string>PBXBuildFile</string>
		</dict>
		<key>D8535EA815B3F1260014D7D4</key>
		<dict>
			<key>fileRef</key>
			<string>D8535E9615B3F1260014D7D4</string>
			<key>isa</key>
			<string>PBXBuildFile</string>
		</dict>
		<key>D8535EA915B3F1260014D7D4</key>
		<dict>
			<key>fileRef</key>
			<string>D8535E9715B3F1260014D7D4</string>
			<key>isa</key>
			<string>PBXBuildFile</string>
		</dict>
		<key>D8535EAA15B3F1260014D7D4</key>
		<dict>
			<key>fileRef</key>
			<string>D8535E9815B3F1260014D7D4</string>
			<key>isa</key>
			<string>PBXBuildFile</string>
		</dict>
		<key>D8535EAB15B3F1260014D7D4</key>
		<dict>
			<key>fileRef</key>
			<string>D8535E9915B3F1260014D7D4</string>
			<key>isa</key>
			<string>PBXBuildFile</string>
		</dict>
		<key>D8535EAC15B3F1260014D7D4</key>
		<dict>
			<key>fileRef</key>
			<string>D8535E9A15B3F1260014D7D4</string>
			<key>isa</key>
			<string>PBXBuildFile</string>
		</dict>
		<key>D8535EAD15B3F1260014D7D4</key>
		<dict>
			<key>fileRef</key>
			<string>D8535E9B15B3F1260014D7D4</string>
			<key>isa</key>
			<string>PBXBuildFile</string>
		</dict>
		<key>D8535EAE15B3F1260014D7D4</key>
		<dict>
			<key>fileRef</key>
			<string>D8535E9C15B3F1260014D7D4</string>
			<key>isa</key>
			<string>PBXBuildFile</string>
		</dict>
		<key>D8535EAF15B3F1260014D7D4</key>
		<dict>
			<key>fileRef</key>
			<string>D8535E9D15B3F1260014D7D4</string>
			<key>isa</key>
			<string>PBXBuildFile</string>
		</dict>
		<key>D8535EB015B3F1260014D7D4</key>
		<dict>
			<key>fileRef</key>
			<string>D8535E9E15B3F1260014D7D4</string>
			<key>isa</key>
			<string>PBXBuildFile</string>
		</dict>
		<key>D8535EB115B3F1260014D7D4</key>
		<dict>
			<key>fileRef</key>
			<string>D8535E9F15B3F1260014D7D4</string>
			<key>isa</key>
			<string>PBXBuildFile</string>
		</dict>
		<key>D8535EB215B3F1260014D7D4</key>
		<dict>
			<key>fileRef</key>
			<string>D8535EA015B3F1260014D7D4</string>
			<key>isa</key>
			<string>PBXBuildFile</string>
		</dict>
		<key>D8535EB315B3F1260014D7D4</key>
		<dict>
			<key>fileRef</key>
			<string>D8535EA115B3F1260014D7D4</string>
			<key>isa</key>
			<string>PBXBuildFile</string>
		</dict>
		<key>D8535EB415B3F1260014D7D4</key>
		<dict>
			<key>fileRef</key>
			<string>D8535EA215B3F1260014D7D4</string>
			<key>isa</key>
			<string>PBXBuildFile</string>
		</dict>
		<key>D8535EB515B3F1260014D7D4</key>
		<dict>
			<key>fileRef</key>
			<string>D8535EA315B3F1260014D7D4</string>
			<key>isa</key>
			<string>PBXBuildFile</string>
		</dict>
		<key>D8535EB615B3F1260014D7D4</key>
		<dict>
			<key>fileRef</key>
			<string>D8535EA415B3F1260014D7D4</string>
			<key>isa</key>
			<string>PBXBuildFile</string>
		</dict>
		<key>D8535EB715B3F1340014D7D4</key>
		<dict>
			<key>children</key>
			<array>
				<string>D8535EB815B3F1340014D7D4</string>
				<string>D8535EB915B3F1340014D7D4</string>
				<string>D8535EBA15B3F1340014D7D4</string>
				<string>D8535EBB15B3F1340014D7D4</string>
				<string>D8535EBC15B3F1340014D7D4</string>
				<string>D8535EBD15B3F1340014D7D4</string>
				<string>D8535EBE15B3F1340014D7D4</string>
				<string>D8535EBF15B3F1340014D7D4</string>
			</array>
			<key>isa</key>
			<string>PBXGroup</string>
			<key>path</key>
			<string>shared</string>
			<key>sourceTree</key>
			<string>&lt;group&gt;</string>
		</dict>
		<key>D8535EB815B3F1340014D7D4</key>
		<dict>
			<key>isa</key>
			<string>PBXFileReference</string>
			<key>lastKnownFileType</key>
			<string>image.png</string>
			<key>path</key>
			<string>content-area-divider.png</string>
			<key>sourceTree</key>
			<string>&lt;group&gt;</string>
		</dict>
		<key>D8535EB915B3F1340014D7D4</key>
		<dict>
			<key>isa</key>
			<string>PBXFileReference</string>
			<key>lastKnownFileType</key>
			<string>image.png</string>
			<key>path</key>
			<string>content-area-divider@2x.png</string>
			<key>sourceTree</key>
			<string>&lt;group&gt;</string>
		</dict>
		<key>D8535EBA15B3F1340014D7D4</key>
		<dict>
			<key>isa</key>
			<string>PBXFileReference</string>
			<key>lastKnownFileType</key>
			<string>image.png</string>
			<key>path</key>
			<string>header-add-touch.png</string>
			<key>sourceTree</key>
			<string>&lt;group&gt;</string>
		</dict>
		<key>D8535EBB15B3F1340014D7D4</key>
		<dict>
			<key>isa</key>
			<string>PBXFileReference</string>
			<key>lastKnownFileType</key>
			<string>image.png</string>
			<key>path</key>
			<string>header-add-touch@2x.png</string>
			<key>sourceTree</key>
			<string>&lt;group&gt;</string>
		</dict>
		<key>D8535EBC15B3F1340014D7D4</key>
		<dict>
			<key>isa</key>
			<string>PBXFileReference</string>
			<key>lastKnownFileType</key>
			<string>image.png</string>
			<key>path</key>
			<string>header-add.png</string>
			<key>sourceTree</key>
			<string>&lt;group&gt;</string>
		</dict>
		<key>D8535EBD15B3F1340014D7D4</key>
		<dict>
			<key>isa</key>
			<string>PBXFileReference</string>
			<key>lastKnownFileType</key>
			<string>image.png</string>
			<key>path</key>
			<string>header-add@2x.png</string>
			<key>sourceTree</key>
			<string>&lt;group&gt;</string>
		</dict>
		<key>D8535EBE15B3F1340014D7D4</key>
		<dict>
			<key>isa</key>
			<string>PBXFileReference</string>
			<key>lastKnownFileType</key>
			<string>image.png</string>
			<key>path</key>
			<string>header.png</string>
			<key>sourceTree</key>
			<string>&lt;group&gt;</string>
		</dict>
		<key>D8535EBF15B3F1340014D7D4</key>
		<dict>
			<key>isa</key>
			<string>PBXFileReference</string>
			<key>lastKnownFileType</key>
			<string>image.png</string>
			<key>path</key>
			<string>header@2x.png</string>
			<key>sourceTree</key>
			<string>&lt;group&gt;</string>
		</dict>
		<key>D8535EC015B3F1340014D7D4</key>
		<dict>
			<key>fileRef</key>
			<string>D8535EB815B3F1340014D7D4</string>
			<key>isa</key>
			<string>PBXBuildFile</string>
		</dict>
		<key>D8535EC115B3F1340014D7D4</key>
		<dict>
			<key>fileRef</key>
			<string>D8535EB915B3F1340014D7D4</string>
			<key>isa</key>
			<string>PBXBuildFile</string>
		</dict>
		<key>D8535EC215B3F1340014D7D4</key>
		<dict>
			<key>fileRef</key>
			<string>D8535EBA15B3F1340014D7D4</string>
			<key>isa</key>
			<string>PBXBuildFile</string>
		</dict>
		<key>D8535EC315B3F1340014D7D4</key>
		<dict>
			<key>fileRef</key>
			<string>D8535EBB15B3F1340014D7D4</string>
			<key>isa</key>
			<string>PBXBuildFile</string>
		</dict>
		<key>D8535EC415B3F1340014D7D4</key>
		<dict>
			<key>fileRef</key>
			<string>D8535EBC15B3F1340014D7D4</string>
			<key>isa</key>
			<string>PBXBuildFile</string>
		</dict>
		<key>D8535EC515B3F1340014D7D4</key>
		<dict>
			<key>fileRef</key>
			<string>D8535EBD15B3F1340014D7D4</string>
			<key>isa</key>
			<string>PBXBuildFile</string>
		</dict>
		<key>D8535EC615B3F1340014D7D4</key>
		<dict>
			<key>fileRef</key>
			<string>D8535EBE15B3F1340014D7D4</string>
			<key>isa</key>
			<string>PBXBuildFile</string>
		</dict>
		<key>D8535EC715B3F1340014D7D4</key>
		<dict>
			<key>fileRef</key>
			<string>D8535EBF15B3F1340014D7D4</string>
			<key>isa</key>
			<string>PBXBuildFile</string>
		</dict>
		<key>D854FDD51560B6DF00314501</key>
		<dict>
			<key>children</key>
			<array>
				<string>D854FDD61560B6DF00314501</string>
				<string>D854FDD71560B6DF00314501</string>
				<string>D854FDDC1560B6DF00314501</string>
				<string>D854FDDD1560B6DF00314501</string>
			</array>
			<key>isa</key>
			<string>PBXGroup</string>
			<key>name</key>
			<string>ButtonPeoplePicker</string>
			<key>path</key>
			<string>Classes</string>
			<key>sourceTree</key>
			<string>&lt;group&gt;</string>
		</dict>
		<key>D854FDD61560B6DF00314501</key>
		<dict>
			<key>fileEncoding</key>
			<string>4</string>
			<key>isa</key>
			<string>PBXFileReference</string>
			<key>lastKnownFileType</key>
			<string>sourcecode.c.h</string>
			<key>path</key>
			<string>AddPersonViewController.h</string>
			<key>sourceTree</key>
			<string>&lt;group&gt;</string>
		</dict>
		<key>D854FDD71560B6DF00314501</key>
		<dict>
			<key>fileEncoding</key>
			<string>4</string>
			<key>isa</key>
			<string>PBXFileReference</string>
			<key>lastKnownFileType</key>
			<string>sourcecode.c.objc</string>
			<key>path</key>
			<string>AddPersonViewController.m</string>
			<key>sourceTree</key>
			<string>&lt;group&gt;</string>
		</dict>
		<key>D854FDDC1560B6DF00314501</key>
		<dict>
			<key>fileEncoding</key>
			<string>4</string>
			<key>isa</key>
			<string>PBXFileReference</string>
			<key>lastKnownFileType</key>
			<string>sourcecode.c.h</string>
			<key>path</key>
			<string>ButtonPeoplePicker.h</string>
			<key>sourceTree</key>
			<string>&lt;group&gt;</string>
		</dict>
		<key>D854FDDD1560B6DF00314501</key>
		<dict>
			<key>fileEncoding</key>
			<string>4</string>
			<key>isa</key>
			<string>PBXFileReference</string>
			<key>lastKnownFileType</key>
			<string>sourcecode.c.objc</string>
			<key>path</key>
			<string>ButtonPeoplePicker.m</string>
			<key>sourceTree</key>
			<string>&lt;group&gt;</string>
		</dict>
		<key>D854FDDE1560B6DF00314501</key>
		<dict>
			<key>fileRef</key>
			<string>D854FDD71560B6DF00314501</string>
			<key>isa</key>
			<string>PBXBuildFile</string>
		</dict>
		<key>D854FDE11560B6DF00314501</key>
		<dict>
			<key>fileRef</key>
			<string>D854FDDD1560B6DF00314501</string>
			<key>isa</key>
			<string>PBXBuildFile</string>
		</dict>
		<key>D854FDEE1560C09500314501</key>
		<dict>
			<key>children</key>
			<array>
				<string>D8535EB715B3F1340014D7D4</string>
				<string>D8535E9215B3F1260014D7D4</string>
				<string>D8535E6C15B3F11C0014D7D4</string>
				<string>D82712DC1564C14400FDAFFB</string>
				<string>D854FDEF1560C09500314501</string>
				<string>D82712DE1564C2A800FDAFFB</string>
				<string>D854FDF01560C09500314501</string>
				<string>D854FDF11560C09500314501</string>
			</array>
			<key>isa</key>
			<string>PBXGroup</string>
			<key>path</key>
			<string>Images</string>
			<key>sourceTree</key>
			<string>&lt;group&gt;</string>
		</dict>
		<key>D854FDEF1560C09500314501</key>
		<dict>
			<key>isa</key>
			<string>PBXFileReference</string>
			<key>lastKnownFileType</key>
			<string>image.png</string>
			<key>path</key>
			<string>bottom-button-bg.png</string>
			<key>sourceTree</key>
			<string>&lt;group&gt;</string>
		</dict>
		<key>D854FDF01560C09500314501</key>
		<dict>
			<key>isa</key>
			<string>PBXFileReference</string>
			<key>lastKnownFileType</key>
			<string>image.png</string>
			<key>path</key>
			<string>ButtonCorners.png</string>
			<key>sourceTree</key>
			<string>&lt;group&gt;</string>
		</dict>
		<key>D854FDF11560C09500314501</key>
		<dict>
			<key>isa</key>
			<string>PBXFileReference</string>
			<key>lastKnownFileType</key>
			<string>image.png</string>
			<key>path</key>
			<string>ButtonCorners@2x.png</string>
			<key>sourceTree</key>
			<string>&lt;group&gt;</string>
		</dict>
		<key>D854FDF31560C09500314501</key>
		<dict>
			<key>fileRef</key>
			<string>D854FDEF1560C09500314501</string>
			<key>isa</key>
			<string>PBXBuildFile</string>
		</dict>
		<key>D854FDF41560C09500314501</key>
		<dict>
			<key>fileRef</key>
			<string>D854FDF01560C09500314501</string>
			<key>isa</key>
			<string>PBXBuildFile</string>
		</dict>
		<key>D854FDF51560C09500314501</key>
		<dict>
			<key>fileRef</key>
			<string>D854FDF11560C09500314501</string>
			<key>isa</key>
			<string>PBXBuildFile</string>
		</dict>
		<key>D863DF591559F63600FA9934</key>
		<dict>
			<key>fileEncoding</key>
			<string>4</string>
			<key>isa</key>
			<string>PBXFileReference</string>
			<key>lastKnownFileType</key>
			<string>sourcecode.c.h</string>
			<key>path</key>
			<string>CreatePollViewController.h</string>
			<key>sourceTree</key>
			<string>&lt;group&gt;</string>
		</dict>
		<key>D863DF5A1559F63600FA9934</key>
		<dict>
			<key>fileEncoding</key>
			<string>4</string>
			<key>isa</key>
			<string>PBXFileReference</string>
			<key>lastKnownFileType</key>
			<string>sourcecode.c.objc</string>
			<key>path</key>
			<string>CreatePollViewController.m</string>
			<key>sourceTree</key>
			<string>&lt;group&gt;</string>
		</dict>
		<key>D863DF5B1559F63600FA9934</key>
		<dict>
			<key>fileRef</key>
			<string>D863DF5A1559F63600FA9934</string>
			<key>isa</key>
			<string>PBXBuildFile</string>
		</dict>
		<key>D876F1B1156504F6000793CD</key>
		<dict>
			<key>fileEncoding</key>
			<string>4</string>
			<key>isa</key>
			<string>PBXFileReference</string>
			<key>lastKnownFileType</key>
			<string>sourcecode.c.h</string>
			<key>path</key>
			<string>PollImageViewController.h</string>
			<key>sourceTree</key>
			<string>&lt;group&gt;</string>
		</dict>
		<key>D876F1B2156504F6000793CD</key>
		<dict>
			<key>fileEncoding</key>
			<string>4</string>
			<key>isa</key>
			<string>PBXFileReference</string>
			<key>lastKnownFileType</key>
			<string>sourcecode.c.objc</string>
			<key>path</key>
			<string>PollImageViewController.m</string>
			<key>sourceTree</key>
			<string>&lt;group&gt;</string>
		</dict>
		<key>D876F1B3156504F6000793CD</key>
		<dict>
			<key>fileRef</key>
			<string>D876F1B2156504F6000793CD</string>
			<key>isa</key>
			<string>PBXBuildFile</string>
		</dict>
		<key>D88D7F90155A1843002C6C36</key>
		<dict>
			<key>fileEncoding</key>
			<string>4</string>
			<key>isa</key>
			<string>PBXFileReference</string>
			<key>lastKnownFileType</key>
			<string>sourcecode.c.h</string>
			<key>path</key>
			<string>PollDetailViewController.h</string>
			<key>sourceTree</key>
			<string>&lt;group&gt;</string>
		</dict>
		<key>D88D7F91155A1843002C6C36</key>
		<dict>
			<key>fileEncoding</key>
			<string>4</string>
			<key>isa</key>
			<string>PBXFileReference</string>
			<key>lastKnownFileType</key>
			<string>sourcecode.c.objc</string>
			<key>path</key>
			<string>PollDetailViewController.m</string>
			<key>sourceTree</key>
			<string>&lt;group&gt;</string>
		</dict>
		<key>D88D7F92155A1843002C6C36</key>
		<dict>
			<key>fileRef</key>
			<string>D88D7F91155A1843002C6C36</string>
			<key>isa</key>
			<string>PBXBuildFile</string>
		</dict>
		<key>D895D4C7155F11B800F7924D</key>
		<dict>
			<key>includeInIndex</key>
			<string>1</string>
			<key>isa</key>
			<string>PBXFileReference</string>
			<key>lastKnownFileType</key>
			<string>wrapper.framework</string>
			<key>name</key>
			<string>AddressBook.framework</string>
			<key>path</key>
			<string>System/Library/Frameworks/AddressBook.framework</string>
			<key>sourceTree</key>
			<string>SDKROOT</string>
		</dict>
		<key>D895D4C8155F11B800F7924D</key>
		<dict>
			<key>includeInIndex</key>
			<string>1</string>
			<key>isa</key>
			<string>PBXFileReference</string>
			<key>lastKnownFileType</key>
			<string>wrapper.framework</string>
			<key>name</key>
			<string>AddressBookUI.framework</string>
			<key>path</key>
			<string>System/Library/Frameworks/AddressBookUI.framework</string>
			<key>sourceTree</key>
			<string>SDKROOT</string>
		</dict>
		<key>D895D4C9155F11B800F7924D</key>
		<dict>
			<key>fileRef</key>
			<string>D895D4C7155F11B800F7924D</string>
			<key>isa</key>
			<string>PBXBuildFile</string>
		</dict>
		<key>D895D4CA155F11B800F7924D</key>
		<dict>
			<key>fileRef</key>
			<string>D895D4C8155F11B800F7924D</string>
			<key>isa</key>
			<string>PBXBuildFile</string>
		</dict>
		<key>D8E3EC1E158522F40054E080</key>
		<dict>
			<key>buildActionMask</key>
			<string>2147483647</string>
			<key>files</key>
			<array>
				<string>D8E3EC2F158522F40054E080</string>
				<string>D8410FA2158528CD00926FAE</string>
				<string>D8410FAC15852F2100926FAE</string>
			</array>
			<key>isa</key>
			<string>PBXSourcesBuildPhase</string>
			<key>runOnlyForDeploymentPostprocessing</key>
			<string>0</string>
		</dict>
		<key>D8E3EC1F158522F40054E080</key>
		<dict>
			<key>buildActionMask</key>
			<string>2147483647</string>
			<key>files</key>
			<array>
				<string>D8410FB41585464100926FAE</string>
				<string>D8410FB31585463400926FAE</string>
				<string>D8410FB21585460700926FAE</string>
				<string>D8410FB1158545ED00926FAE</string>
				<string>D8410FB0158545DF00926FAE</string>
				<string>D8410FAF158545D100926FAE</string>
				<string>D8410FAD1585459200926FAE</string>
				<string>D8E3EC24158522F40054E080</string>
				<string>D8E3EC26158522F40054E080</string>
				<string>D8410FA715852D9000926FAE</string>
			</array>
			<key>isa</key>
			<string>PBXFrameworksBuildPhase</string>
			<key>runOnlyForDeploymentPostprocessing</key>
			<string>0</string>
		</dict>
		<key>D8E3EC20158522F40054E080</key>
		<dict>
			<key>buildActionMask</key>
			<string>2147483647</string>
			<key>files</key>
			<array>
				<string>D8E3EC2C158522F40054E080</string>
			</array>
			<key>isa</key>
			<string>PBXResourcesBuildPhase</string>
			<key>runOnlyForDeploymentPostprocessing</key>
			<string>0</string>
		</dict>
		<key>D8E3EC21158522F40054E080</key>
		<dict>
			<key>buildActionMask</key>
			<string>2147483647</string>
			<key>files</key>
			<array/>
			<key>inputPaths</key>
			<array/>
			<key>isa</key>
			<string>PBXShellScriptBuildPhase</string>
			<key>outputPaths</key>
			<array/>
			<key>runOnlyForDeploymentPostprocessing</key>
			<string>0</string>
			<key>shellPath</key>
			<string>/bin/sh</string>
			<key>shellScript</key>
			<string># Run the unit tests in this test bundle.
"${SYSTEM_DEVELOPER_DIR}/Tools/RunUnitTests"
</string>
		</dict>
		<key>D8E3EC22158522F40054E080</key>
		<dict>
			<key>buildConfigurationList</key>
			<string>D8E3EC33158522F40054E080</string>
			<key>buildPhases</key>
			<array>
				<string>D8E3EC1E158522F40054E080</string>
				<string>D8E3EC1F158522F40054E080</string>
				<string>D8E3EC20158522F40054E080</string>
				<string>D8E3EC21158522F40054E080</string>
			</array>
			<key>buildRules</key>
			<array/>
			<key>dependencies</key>
			<array/>
			<key>isa</key>
			<string>PBXNativeTarget</string>
			<key>name</key>
			<string>GatherLogicTests</string>
			<key>productName</key>
			<string>GatherLogicTests</string>
			<key>productReference</key>
			<string>D8E3EC23158522F40054E080</string>
			<key>productType</key>
			<string>com.apple.product-type.bundle</string>
		</dict>
		<key>D8E3EC23158522F40054E080</key>
		<dict>
			<key>explicitFileType</key>
			<string>wrapper.cfbundle</string>
			<key>includeInIndex</key>
			<string>0</string>
			<key>isa</key>
			<string>PBXFileReference</string>
			<key>name</key>
			<string>GatherLogicTests.octest</string>
			<key>path</key>
			<string>GatherLogicTests.octest</string>
			<key>sourceTree</key>
			<string>BUILT_PRODUCTS_DIR</string>
		</dict>
		<key>D8E3EC24158522F40054E080</key>
		<dict>
			<key>fileRef</key>
			<string>D82CB2151556051A00499A08</string>
			<key>isa</key>
			<string>PBXBuildFile</string>
		</dict>
		<key>D8E3EC26158522F40054E080</key>
		<dict>
			<key>fileRef</key>
			<string>D82CB1F41556051A00499A08</string>
			<key>isa</key>
			<string>PBXBuildFile</string>
		</dict>
		<key>D8E3EC27158522F40054E080</key>
		<dict>
			<key>children</key>
			<array>
				<string>D8E3EC2D158522F40054E080</string>
				<string>D8E3EC2E158522F40054E080</string>
				<string>D8E3EC28158522F40054E080</string>
				<string>D8410FA0158528CD00926FAE</string>
				<string>D8410FA1158528CD00926FAE</string>
			</array>
			<key>isa</key>
			<string>PBXGroup</string>
			<key>path</key>
			<string>GatherLogicTests</string>
			<key>sourceTree</key>
			<string>&lt;group&gt;</string>
		</dict>
		<key>D8E3EC28158522F40054E080</key>
		<dict>
			<key>children</key>
			<array>
				<string>D8E3EC29158522F40054E080</string>
				<string>D8E3EC2A158522F40054E080</string>
				<string>D8E3EC30158522F40054E080</string>
			</array>
			<key>isa</key>
			<string>PBXGroup</string>
			<key>name</key>
			<string>Supporting Files</string>
			<key>sourceTree</key>
			<string>&lt;group&gt;</string>
		</dict>
		<key>D8E3EC29158522F40054E080</key>
		<dict>
			<key>isa</key>
			<string>PBXFileReference</string>
			<key>lastKnownFileType</key>
			<string>text.plist.xml</string>
			<key>path</key>
			<string>GatherLogicTests-Info.plist</string>
			<key>sourceTree</key>
			<string>&lt;group&gt;</string>
		</dict>
		<key>D8E3EC2A158522F40054E080</key>
		<dict>
			<key>children</key>
			<array>
				<string>D8E3EC2B158522F40054E080</string>
			</array>
			<key>isa</key>
			<string>PBXVariantGroup</string>
			<key>name</key>
			<string>InfoPlist.strings</string>
			<key>sourceTree</key>
			<string>&lt;group&gt;</string>
		</dict>
		<key>D8E3EC2B158522F40054E080</key>
		<dict>
			<key>isa</key>
			<string>PBXFileReference</string>
			<key>lastKnownFileType</key>
			<string>text.plist.strings</string>
			<key>name</key>
			<string>en</string>
			<key>path</key>
			<string>en.lproj/InfoPlist.strings</string>
			<key>sourceTree</key>
			<string>&lt;group&gt;</string>
		</dict>
		<key>D8E3EC2C158522F40054E080</key>
		<dict>
			<key>fileRef</key>
			<string>D8E3EC2A158522F40054E080</string>
			<key>isa</key>
			<string>PBXBuildFile</string>
		</dict>
		<key>D8E3EC2D158522F40054E080</key>
		<dict>
			<key>isa</key>
			<string>PBXFileReference</string>
			<key>lastKnownFileType</key>
			<string>sourcecode.c.h</string>
			<key>path</key>
			<string>GatherLogicTests.h</string>
			<key>sourceTree</key>
			<string>&lt;group&gt;</string>
		</dict>
		<key>D8E3EC2E158522F40054E080</key>
		<dict>
			<key>isa</key>
			<string>PBXFileReference</string>
			<key>lastKnownFileType</key>
			<string>sourcecode.c.objc</string>
			<key>path</key>
			<string>GatherLogicTests.m</string>
			<key>sourceTree</key>
			<string>&lt;group&gt;</string>
		</dict>
		<key>D8E3EC2F158522F40054E080</key>
		<dict>
			<key>fileRef</key>
			<string>D8E3EC2E158522F40054E080</string>
			<key>isa</key>
			<string>PBXBuildFile</string>
		</dict>
		<key>D8E3EC30158522F40054E080</key>
		<dict>
			<key>isa</key>
			<string>PBXFileReference</string>
			<key>lastKnownFileType</key>
			<string>sourcecode.c.h</string>
			<key>path</key>
			<string>GatherLogicTests-Prefix.pch</string>
			<key>sourceTree</key>
			<string>&lt;group&gt;</string>
		</dict>
		<key>D8E3EC31158522F40054E080</key>
		<dict>
			<key>buildSettings</key>
			<dict>
				<key>FRAMEWORK_SEARCH_PATHS</key>
				<array>
					<string>"$(SDKROOT)/Developer/Library/Frameworks"</string>
					<string>"$(DEVELOPER_LIBRARY_DIR)/Frameworks"</string>
					<string>"$(SRCROOT)"</string>
				</array>
				<key>GCC_PRECOMPILE_PREFIX_HEADER</key>
				<string>YES</string>
				<key>GCC_PREFIX_HEADER</key>
				<string>GatherLogicTests/GatherLogicTests-Prefix.pch</string>
				<key>INFOPLIST_FILE</key>
				<string>GatherLogicTests/GatherLogicTests-Info.plist</string>
				<key>PRODUCT_NAME</key>
				<string>$(TARGET_NAME)</string>
				<key>WRAPPER_EXTENSION</key>
				<string>octest</string>
			</dict>
			<key>isa</key>
			<string>XCBuildConfiguration</string>
			<key>name</key>
			<string>Debug</string>
		</dict>
		<key>D8E3EC32158522F40054E080</key>
		<dict>
			<key>buildSettings</key>
			<dict>
				<key>COPY_PHASE_STRIP</key>
				<string>YES</string>
				<key>FRAMEWORK_SEARCH_PATHS</key>
				<array>
					<string>"$(SDKROOT)/Developer/Library/Frameworks"</string>
					<string>"$(DEVELOPER_LIBRARY_DIR)/Frameworks"</string>
					<string>"$(SRCROOT)"</string>
				</array>
				<key>GCC_PRECOMPILE_PREFIX_HEADER</key>
				<string>YES</string>
				<key>GCC_PREFIX_HEADER</key>
				<string>GatherLogicTests/GatherLogicTests-Prefix.pch</string>
				<key>INFOPLIST_FILE</key>
				<string>GatherLogicTests/GatherLogicTests-Info.plist</string>
				<key>PRODUCT_NAME</key>
				<string>$(TARGET_NAME)</string>
				<key>WRAPPER_EXTENSION</key>
				<string>octest</string>
			</dict>
			<key>isa</key>
			<string>XCBuildConfiguration</string>
			<key>name</key>
			<string>Release</string>
		</dict>
		<key>D8E3EC33158522F40054E080</key>
		<dict>
			<key>buildConfigurations</key>
			<array>
				<string>D8E3EC31158522F40054E080</string>
				<string>D8E3EC32158522F40054E080</string>
			</array>
			<key>defaultConfigurationIsVisible</key>
			<string>0</string>
			<key>defaultConfigurationName</key>
			<string>Release</string>
			<key>isa</key>
			<string>XCConfigurationList</string>
		</dict>
		<key>F199A7333426420FA1040FFD</key>
		<dict>
			<key>explicitFileType</key>
			<string>archive.ar</string>
			<key>includeInIndex</key>
			<string>0</string>
			<key>isa</key>
			<string>PBXFileReference</string>
			<key>name</key>
			<string>libPods.a</string>
			<key>path</key>
			<string>libPods.a</string>
			<key>sourceTree</key>
			<string>BUILT_PRODUCTS_DIR</string>
		</dict>
		<key>FC0D1E73627B45568A43A512</key>
		<dict>
			<key>fileRef</key>
			<string>F199A7333426420FA1040FFD</string>
			<key>isa</key>
			<string>PBXBuildFile</string>
		</dict>
	</dict>
	<key>rootObject</key>
	<string>D82CB1E51556051A00499A08</string>
</dict>
</plist>
