// !$*UTF8*$!
{
	archiveVersion = 1;
	classes = {
	};
	objectVersion = 46;
	objects = {

/* Begin PBXBuildFile section */
		D804C381155B7E4000AAF415 /* GroupThink.entitlements in Resources */ = {isa = PBXBuildFile; fileRef = D804C380155B7E4000AAF415 /* GroupThink.entitlements */; };
		D804C388155B884600AAF415 /* Icon.png in Resources */ = {isa = PBXBuildFile; fileRef = D804C387155B884600AAF415 /* Icon.png */; };
		D804C38A155B88AC00AAF415 /* Icon-72.png in Resources */ = {isa = PBXBuildFile; fileRef = D804C389155B88AC00AAF415 /* Icon-72.png */; };
		D82712DA1564BAD100FDAFFB /* SettingsViewController.m in Sources */ = {isa = PBXBuildFile; fileRef = D82712D91564BAD100FDAFFB /* SettingsViewController.m */; };
		D82712DD1564C14400FDAFFB /* choose.png in Resources */ = {isa = PBXBuildFile; fileRef = D82712DC1564C14400FDAFFB /* choose.png */; };
		D82712DF1564C2A800FDAFFB /* choose_hilighted.png in Resources */ = {isa = PBXBuildFile; fileRef = D82712DE1564C2A800FDAFFB /* choose_hilighted.png */; };
		D82935EF156B6D5A0067AE38 /* Parse.framework in Frameworks */ = {isa = PBXBuildFile; fileRef = D82935EE156B6D5A0067AE38 /* Parse.framework */; };
		D82CB1F31556051A00499A08 /* UIKit.framework in Frameworks */ = {isa = PBXBuildFile; fileRef = D82CB1F21556051A00499A08 /* UIKit.framework */; };
		D82CB1F51556051A00499A08 /* Foundation.framework in Frameworks */ = {isa = PBXBuildFile; fileRef = D82CB1F41556051A00499A08 /* Foundation.framework */; };
		D82CB1F71556051A00499A08 /* CoreGraphics.framework in Frameworks */ = {isa = PBXBuildFile; fileRef = D82CB1F61556051A00499A08 /* CoreGraphics.framework */; };
		D82CB1FD1556051A00499A08 /* InfoPlist.strings in Resources */ = {isa = PBXBuildFile; fileRef = D82CB1FB1556051A00499A08 /* InfoPlist.strings */; };
		D82CB1FF1556051A00499A08 /* main.m in Sources */ = {isa = PBXBuildFile; fileRef = D82CB1FE1556051A00499A08 /* main.m */; };
		D82CB2031556051A00499A08 /* AppDelegate.m in Sources */ = {isa = PBXBuildFile; fileRef = D82CB2021556051A00499A08 /* AppDelegate.m */; };
		D82CB2081556051A00499A08 /* MainStoryboard_iPhone.storyboard in Resources */ = {isa = PBXBuildFile; fileRef = D82CB2061556051A00499A08 /* MainStoryboard_iPhone.storyboard */; };
		D82CB20E1556051A00499A08 /* LoginViewController.m in Sources */ = {isa = PBXBuildFile; fileRef = D82CB20D1556051A00499A08 /* LoginViewController.m */; };
		D82CB2161556051A00499A08 /* SenTestingKit.framework in Frameworks */ = {isa = PBXBuildFile; fileRef = D82CB2151556051A00499A08 /* SenTestingKit.framework */; };
		D82CB2171556051A00499A08 /* UIKit.framework in Frameworks */ = {isa = PBXBuildFile; fileRef = D82CB1F21556051A00499A08 /* UIKit.framework */; };
		D82CB2181556051A00499A08 /* Foundation.framework in Frameworks */ = {isa = PBXBuildFile; fileRef = D82CB1F41556051A00499A08 /* Foundation.framework */; };
		D82CB2201556051A00499A08 /* InfoPlist.strings in Resources */ = {isa = PBXBuildFile; fileRef = D82CB21E1556051A00499A08 /* InfoPlist.strings */; };
		D82CB2231556051A00499A08 /* GroupThinkTests.m in Sources */ = {isa = PBXBuildFile; fileRef = D82CB2221556051A00499A08 /* GroupThinkTests.m */; };
		D82CB22F1556059C00499A08 /* CFNetwork.framework in Frameworks */ = {isa = PBXBuildFile; fileRef = D82CB22E1556059C00499A08 /* CFNetwork.framework */; };
		D82CB231155605A900499A08 /* SystemConfiguration.framework in Frameworks */ = {isa = PBXBuildFile; fileRef = D82CB230155605A900499A08 /* SystemConfiguration.framework */; };
		D82CB233155605B500499A08 /* MobileCoreServices.framework in Frameworks */ = {isa = PBXBuildFile; fileRef = D82CB232155605B500499A08 /* MobileCoreServices.framework */; };
		D82CB235155605C100499A08 /* AudioToolbox.framework in Frameworks */ = {isa = PBXBuildFile; fileRef = D82CB234155605C100499A08 /* AudioToolbox.framework */; };
		D82CB237155605CC00499A08 /* Security.framework in Frameworks */ = {isa = PBXBuildFile; fileRef = D82CB236155605CC00499A08 /* Security.framework */; };
		D82CB239155605D900499A08 /* QuartzCore.framework in Frameworks */ = {isa = PBXBuildFile; fileRef = D82CB238155605D900499A08 /* QuartzCore.framework */; };
		D82CB23B155605E900499A08 /* libz.1.1.3.dylib in Frameworks */ = {isa = PBXBuildFile; fileRef = D82CB23A155605E900499A08 /* libz.1.1.3.dylib */; };
		D82CB23E1556119F00499A08 /* PollTableViewController.m in Sources */ = {isa = PBXBuildFile; fileRef = D82CB23D1556119F00499A08 /* PollTableViewController.m */; };
		D8374EE7155F06C200BC1617 /* libTestFlight.a in Frameworks */ = {isa = PBXBuildFile; fileRef = D8374EE3155F06C200BC1617 /* libTestFlight.a */; };
		D8374EE8155F06C200BC1617 /* README.txt in Resources */ = {isa = PBXBuildFile; fileRef = D8374EE4155F06C200BC1617 /* README.txt */; };
		D8374EE9155F06C200BC1617 /* release_notes.txt in Resources */ = {isa = PBXBuildFile; fileRef = D8374EE5155F06C200BC1617 /* release_notes.txt */; };
		D854FDDE1560B6DF00314501 /* AddPersonViewController.m in Sources */ = {isa = PBXBuildFile; fileRef = D854FDD71560B6DF00314501 /* AddPersonViewController.m */; };
		D854FDE11560B6DF00314501 /* ButtonPeoplePicker.m in Sources */ = {isa = PBXBuildFile; fileRef = D854FDDD1560B6DF00314501 /* ButtonPeoplePicker.m */; };
		D854FDF31560C09500314501 /* bottom-button-bg.png in Resources */ = {isa = PBXBuildFile; fileRef = D854FDEF1560C09500314501 /* bottom-button-bg.png */; };
		D854FDF41560C09500314501 /* ButtonCorners.png in Resources */ = {isa = PBXBuildFile; fileRef = D854FDF01560C09500314501 /* ButtonCorners.png */; };
		D854FDF51560C09500314501 /* ButtonCorners@2x.png in Resources */ = {isa = PBXBuildFile; fileRef = D854FDF11560C09500314501 /* ButtonCorners@2x.png */; };
		D863DF5B1559F63600FA9934 /* CreatePollViewController.m in Sources */ = {isa = PBXBuildFile; fileRef = D863DF5A1559F63600FA9934 /* CreatePollViewController.m */; };
		D876F1B3156504F6000793CD /* PollImageViewController.m in Sources */ = {isa = PBXBuildFile; fileRef = D876F1B2156504F6000793CD /* PollImageViewController.m */; };
		D88D7F92155A1843002C6C36 /* PollDetailViewController.m in Sources */ = {isa = PBXBuildFile; fileRef = D88D7F91155A1843002C6C36 /* PollDetailViewController.m */; };
		D895D4C9155F11B800F7924D /* AddressBook.framework in Frameworks */ = {isa = PBXBuildFile; fileRef = D895D4C7155F11B800F7924D /* AddressBook.framework */; };
		D895D4CA155F11B800F7924D /* AddressBookUI.framework in Frameworks */ = {isa = PBXBuildFile; fileRef = D895D4C8155F11B800F7924D /* AddressBookUI.framework */; };
/* End PBXBuildFile section */

/* Begin PBXContainerItemProxy section */
		D82CB2191556051A00499A08 /* PBXContainerItemProxy */ = {
			isa = PBXContainerItemProxy;
			containerPortal = D82CB1E51556051A00499A08 /* Project object */;
			proxyType = 1;
			remoteGlobalIDString = D82CB1ED1556051A00499A08;
			remoteInfo = GroupThink;
		};
/* End PBXContainerItemProxy section */

/* Begin PBXFileReference section */
		D804C380155B7E4000AAF415 /* GroupThink.entitlements */ = {isa = PBXFileReference; fileEncoding = 4; lastKnownFileType = text.xml; path = GroupThink.entitlements; sourceTree = "<group>"; };
		D804C387155B884600AAF415 /* Icon.png */ = {isa = PBXFileReference; lastKnownFileType = image.png; path = Icon.png; sourceTree = "<group>"; };
		D804C389155B88AC00AAF415 /* Icon-72.png */ = {isa = PBXFileReference; lastKnownFileType = image.png; path = "Icon-72.png"; sourceTree = "<group>"; };
		D82712D81564BAD100FDAFFB /* SettingsViewController.h */ = {isa = PBXFileReference; fileEncoding = 4; lastKnownFileType = sourcecode.c.h; path = SettingsViewController.h; sourceTree = "<group>"; };
		D82712D91564BAD100FDAFFB /* SettingsViewController.m */ = {isa = PBXFileReference; fileEncoding = 4; lastKnownFileType = sourcecode.c.objc; path = SettingsViewController.m; sourceTree = "<group>"; };
		D82712DC1564C14400FDAFFB /* choose.png */ = {isa = PBXFileReference; lastKnownFileType = image.png; name = choose.png; path = ../Classes/choose.png; sourceTree = "<group>"; };
		D82712DE1564C2A800FDAFFB /* choose_hilighted.png */ = {isa = PBXFileReference; lastKnownFileType = image.png; path = choose_hilighted.png; sourceTree = "<group>"; };
		D82935EE156B6D5A0067AE38 /* Parse.framework */ = {isa = PBXFileReference; lastKnownFileType = wrapper.framework; path = Parse.framework; sourceTree = "<group>"; };
		D82CB1EE1556051A00499A08 /* GroupThink.app */ = {isa = PBXFileReference; explicitFileType = wrapper.application; includeInIndex = 0; path = GroupThink.app; sourceTree = BUILT_PRODUCTS_DIR; };
		D82CB1F21556051A00499A08 /* UIKit.framework */ = {isa = PBXFileReference; lastKnownFileType = wrapper.framework; name = UIKit.framework; path = System/Library/Frameworks/UIKit.framework; sourceTree = SDKROOT; };
		D82CB1F41556051A00499A08 /* Foundation.framework */ = {isa = PBXFileReference; lastKnownFileType = wrapper.framework; name = Foundation.framework; path = System/Library/Frameworks/Foundation.framework; sourceTree = SDKROOT; };
		D82CB1F61556051A00499A08 /* CoreGraphics.framework */ = {isa = PBXFileReference; lastKnownFileType = wrapper.framework; name = CoreGraphics.framework; path = System/Library/Frameworks/CoreGraphics.framework; sourceTree = SDKROOT; };
		D82CB1FA1556051A00499A08 /* GroupThink-Info.plist */ = {isa = PBXFileReference; lastKnownFileType = text.plist.xml; path = "GroupThink-Info.plist"; sourceTree = "<group>"; };
		D82CB1FC1556051A00499A08 /* en */ = {isa = PBXFileReference; lastKnownFileType = text.plist.strings; name = en; path = en.lproj/InfoPlist.strings; sourceTree = "<group>"; };
		D82CB1FE1556051A00499A08 /* main.m */ = {isa = PBXFileReference; lastKnownFileType = sourcecode.c.objc; path = main.m; sourceTree = "<group>"; };
		D82CB2001556051A00499A08 /* GroupThink-Prefix.pch */ = {isa = PBXFileReference; lastKnownFileType = sourcecode.c.h; path = "GroupThink-Prefix.pch"; sourceTree = "<group>"; };
		D82CB2011556051A00499A08 /* AppDelegate.h */ = {isa = PBXFileReference; lastKnownFileType = sourcecode.c.h; path = AppDelegate.h; sourceTree = "<group>"; };
		D82CB2021556051A00499A08 /* AppDelegate.m */ = {isa = PBXFileReference; lastKnownFileType = sourcecode.c.objc; path = AppDelegate.m; sourceTree = "<group>"; };
		D82CB2071556051A00499A08 /* en */ = {isa = PBXFileReference; lastKnownFileType = file.storyboard; name = en; path = en.lproj/MainStoryboard_iPhone.storyboard; sourceTree = "<group>"; };
		D82CB20C1556051A00499A08 /* LoginViewController.h */ = {isa = PBXFileReference; lastKnownFileType = sourcecode.c.h; path = LoginViewController.h; sourceTree = "<group>"; };
		D82CB20D1556051A00499A08 /* LoginViewController.m */ = {isa = PBXFileReference; lastKnownFileType = sourcecode.c.objc; path = LoginViewController.m; sourceTree = "<group>"; };
		D82CB2141556051A00499A08 /* GroupThinkTests.octest */ = {isa = PBXFileReference; explicitFileType = wrapper.cfbundle; includeInIndex = 0; path = GroupThinkTests.octest; sourceTree = BUILT_PRODUCTS_DIR; };
		D82CB2151556051A00499A08 /* SenTestingKit.framework */ = {isa = PBXFileReference; lastKnownFileType = wrapper.framework; name = SenTestingKit.framework; path = Library/Frameworks/SenTestingKit.framework; sourceTree = DEVELOPER_DIR; };
		D82CB21D1556051A00499A08 /* GroupThinkTests-Info.plist */ = {isa = PBXFileReference; lastKnownFileType = text.plist.xml; path = "GroupThinkTests-Info.plist"; sourceTree = "<group>"; };
		D82CB21F1556051A00499A08 /* en */ = {isa = PBXFileReference; lastKnownFileType = text.plist.strings; name = en; path = en.lproj/InfoPlist.strings; sourceTree = "<group>"; };
		D82CB2211556051A00499A08 /* GroupThinkTests.h */ = {isa = PBXFileReference; lastKnownFileType = sourcecode.c.h; path = GroupThinkTests.h; sourceTree = "<group>"; };
		D82CB2221556051A00499A08 /* GroupThinkTests.m */ = {isa = PBXFileReference; lastKnownFileType = sourcecode.c.objc; path = GroupThinkTests.m; sourceTree = "<group>"; };
		D82CB22E1556059C00499A08 /* CFNetwork.framework */ = {isa = PBXFileReference; lastKnownFileType = wrapper.framework; name = CFNetwork.framework; path = System/Library/Frameworks/CFNetwork.framework; sourceTree = SDKROOT; };
		D82CB230155605A900499A08 /* SystemConfiguration.framework */ = {isa = PBXFileReference; lastKnownFileType = wrapper.framework; name = SystemConfiguration.framework; path = System/Library/Frameworks/SystemConfiguration.framework; sourceTree = SDKROOT; };
		D82CB232155605B500499A08 /* MobileCoreServices.framework */ = {isa = PBXFileReference; lastKnownFileType = wrapper.framework; name = MobileCoreServices.framework; path = System/Library/Frameworks/MobileCoreServices.framework; sourceTree = SDKROOT; };
		D82CB234155605C100499A08 /* AudioToolbox.framework */ = {isa = PBXFileReference; lastKnownFileType = wrapper.framework; name = AudioToolbox.framework; path = System/Library/Frameworks/AudioToolbox.framework; sourceTree = SDKROOT; };
		D82CB236155605CC00499A08 /* Security.framework */ = {isa = PBXFileReference; lastKnownFileType = wrapper.framework; name = Security.framework; path = System/Library/Frameworks/Security.framework; sourceTree = SDKROOT; };
		D82CB238155605D900499A08 /* QuartzCore.framework */ = {isa = PBXFileReference; lastKnownFileType = wrapper.framework; name = QuartzCore.framework; path = System/Library/Frameworks/QuartzCore.framework; sourceTree = SDKROOT; };
		D82CB23A155605E900499A08 /* libz.1.1.3.dylib */ = {isa = PBXFileReference; lastKnownFileType = "compiled.mach-o.dylib"; name = libz.1.1.3.dylib; path = usr/lib/libz.1.1.3.dylib; sourceTree = SDKROOT; };
		D82CB23C1556119F00499A08 /* PollTableViewController.h */ = {isa = PBXFileReference; fileEncoding = 4; lastKnownFileType = sourcecode.c.h; path = PollTableViewController.h; sourceTree = "<group>"; };
		D82CB23D1556119F00499A08 /* PollTableViewController.m */ = {isa = PBXFileReference; fileEncoding = 4; lastKnownFileType = sourcecode.c.objc; path = PollTableViewController.m; sourceTree = "<group>"; };
		D8374EE3155F06C200BC1617 /* libTestFlight.a */ = {isa = PBXFileReference; lastKnownFileType = archive.ar; path = libTestFlight.a; sourceTree = "<group>"; };
		D8374EE4155F06C200BC1617 /* README.txt */ = {isa = PBXFileReference; fileEncoding = 4; lastKnownFileType = text; path = README.txt; sourceTree = "<group>"; };
		D8374EE5155F06C200BC1617 /* release_notes.txt */ = {isa = PBXFileReference; fileEncoding = 4; lastKnownFileType = text; path = release_notes.txt; sourceTree = "<group>"; };
		D8374EE6155F06C200BC1617 /* TestFlight.h */ = {isa = PBXFileReference; fileEncoding = 4; lastKnownFileType = sourcecode.c.h; path = TestFlight.h; sourceTree = "<group>"; };
		D854FDD61560B6DF00314501 /* AddPersonViewController.h */ = {isa = PBXFileReference; fileEncoding = 4; lastKnownFileType = sourcecode.c.h; path = AddPersonViewController.h; sourceTree = "<group>"; };
		D854FDD71560B6DF00314501 /* AddPersonViewController.m */ = {isa = PBXFileReference; fileEncoding = 4; lastKnownFileType = sourcecode.c.objc; path = AddPersonViewController.m; sourceTree = "<group>"; };
		D854FDDC1560B6DF00314501 /* ButtonPeoplePicker.h */ = {isa = PBXFileReference; fileEncoding = 4; lastKnownFileType = sourcecode.c.h; path = ButtonPeoplePicker.h; sourceTree = "<group>"; };
		D854FDDD1560B6DF00314501 /* ButtonPeoplePicker.m */ = {isa = PBXFileReference; fileEncoding = 4; lastKnownFileType = sourcecode.c.objc; path = ButtonPeoplePicker.m; sourceTree = "<group>"; };
		D854FDEF1560C09500314501 /* bottom-button-bg.png */ = {isa = PBXFileReference; lastKnownFileType = image.png; path = "bottom-button-bg.png"; sourceTree = "<group>"; };
		D854FDF01560C09500314501 /* ButtonCorners.png */ = {isa = PBXFileReference; lastKnownFileType = image.png; path = ButtonCorners.png; sourceTree = "<group>"; };
		D854FDF11560C09500314501 /* ButtonCorners@2x.png */ = {isa = PBXFileReference; lastKnownFileType = image.png; path = "ButtonCorners@2x.png"; sourceTree = "<group>"; };
		D863DF591559F63600FA9934 /* CreatePollViewController.h */ = {isa = PBXFileReference; fileEncoding = 4; lastKnownFileType = sourcecode.c.h; path = CreatePollViewController.h; sourceTree = "<group>"; };
		D863DF5A1559F63600FA9934 /* CreatePollViewController.m */ = {isa = PBXFileReference; fileEncoding = 4; lastKnownFileType = sourcecode.c.objc; path = CreatePollViewController.m; sourceTree = "<group>"; };
		D876F1B1156504F6000793CD /* PollImageViewController.h */ = {isa = PBXFileReference; fileEncoding = 4; lastKnownFileType = sourcecode.c.h; path = PollImageViewController.h; sourceTree = "<group>"; };
		D876F1B2156504F6000793CD /* PollImageViewController.m */ = {isa = PBXFileReference; fileEncoding = 4; lastKnownFileType = sourcecode.c.objc; path = PollImageViewController.m; sourceTree = "<group>"; };
		D88D7F90155A1843002C6C36 /* PollDetailViewController.h */ = {isa = PBXFileReference; fileEncoding = 4; lastKnownFileType = sourcecode.c.h; path = PollDetailViewController.h; sourceTree = "<group>"; };
		D88D7F91155A1843002C6C36 /* PollDetailViewController.m */ = {isa = PBXFileReference; fileEncoding = 4; lastKnownFileType = sourcecode.c.objc; path = PollDetailViewController.m; sourceTree = "<group>"; };
		D895D4C7155F11B800F7924D /* AddressBook.framework */ = {isa = PBXFileReference; lastKnownFileType = wrapper.framework; name = AddressBook.framework; path = System/Library/Frameworks/AddressBook.framework; sourceTree = SDKROOT; };
		D895D4C8155F11B800F7924D /* AddressBookUI.framework */ = {isa = PBXFileReference; lastKnownFileType = wrapper.framework; name = AddressBookUI.framework; path = System/Library/Frameworks/AddressBookUI.framework; sourceTree = SDKROOT; };
/* End PBXFileReference section */

/* Begin PBXFrameworksBuildPhase section */
		D82CB1EB1556051A00499A08 /* Frameworks */ = {
			isa = PBXFrameworksBuildPhase;
			buildActionMask = 2147483647;
			files = (
				D895D4C9155F11B800F7924D /* AddressBook.framework in Frameworks */,
				D895D4CA155F11B800F7924D /* AddressBookUI.framework in Frameworks */,
				D82CB23B155605E900499A08 /* libz.1.1.3.dylib in Frameworks */,
				D82CB239155605D900499A08 /* QuartzCore.framework in Frameworks */,
				D82CB237155605CC00499A08 /* Security.framework in Frameworks */,
				D82CB235155605C100499A08 /* AudioToolbox.framework in Frameworks */,
				D82CB233155605B500499A08 /* MobileCoreServices.framework in Frameworks */,
				D82CB231155605A900499A08 /* SystemConfiguration.framework in Frameworks */,
				D82CB22F1556059C00499A08 /* CFNetwork.framework in Frameworks */,
				D82CB1F31556051A00499A08 /* UIKit.framework in Frameworks */,
				D82CB1F51556051A00499A08 /* Foundation.framework in Frameworks */,
				D82CB1F71556051A00499A08 /* CoreGraphics.framework in Frameworks */,
				D8374EE7155F06C200BC1617 /* libTestFlight.a in Frameworks */,
				D82935EF156B6D5A0067AE38 /* Parse.framework in Frameworks */,
			);
			runOnlyForDeploymentPostprocessing = 0;
		};
		D82CB2101556051A00499A08 /* Frameworks */ = {
			isa = PBXFrameworksBuildPhase;
			buildActionMask = 2147483647;
			files = (
				D82CB2161556051A00499A08 /* SenTestingKit.framework in Frameworks */,
				D82CB2171556051A00499A08 /* UIKit.framework in Frameworks */,
				D82CB2181556051A00499A08 /* Foundation.framework in Frameworks */,
			);
			runOnlyForDeploymentPostprocessing = 0;
		};
/* End PBXFrameworksBuildPhase section */

/* Begin PBXGroup section */
		D82CB1E31556051A00499A08 = {
			isa = PBXGroup;
			children = (
				D895D4C7155F11B800F7924D /* AddressBook.framework */,
				D895D4C8155F11B800F7924D /* AddressBookUI.framework */,
				D82CB1F81556051A00499A08 /* GroupThink */,
				D82CB21B1556051A00499A08 /* GroupThinkTests */,
				D82CB1F11556051A00499A08 /* Frameworks */,
				D82CB1EF1556051A00499A08 /* Products */,
			);
			sourceTree = "<group>";
		};
		D82CB1EF1556051A00499A08 /* Products */ = {
			isa = PBXGroup;
			children = (
				D82CB1EE1556051A00499A08 /* GroupThink.app */,
				D82CB2141556051A00499A08 /* GroupThinkTests.octest */,
			);
			name = Products;
			sourceTree = "<group>";
		};
		D82CB1F11556051A00499A08 /* Frameworks */ = {
			isa = PBXGroup;
			children = (
				D82935EE156B6D5A0067AE38 /* Parse.framework */,
				D8374EE2155F06C200BC1617 /* TestFlightSDK1 */,
				D82CB23A155605E900499A08 /* libz.1.1.3.dylib */,
				D82CB238155605D900499A08 /* QuartzCore.framework */,
				D82CB236155605CC00499A08 /* Security.framework */,
				D82CB234155605C100499A08 /* AudioToolbox.framework */,
				D82CB232155605B500499A08 /* MobileCoreServices.framework */,
				D82CB230155605A900499A08 /* SystemConfiguration.framework */,
				D82CB22E1556059C00499A08 /* CFNetwork.framework */,
				D82CB1F21556051A00499A08 /* UIKit.framework */,
				D82CB1F41556051A00499A08 /* Foundation.framework */,
				D82CB1F61556051A00499A08 /* CoreGraphics.framework */,
				D82CB2151556051A00499A08 /* SenTestingKit.framework */,
			);
			name = Frameworks;
			sourceTree = "<group>";
		};
		D82CB1F81556051A00499A08 /* GroupThink */ = {
			isa = PBXGroup;
			children = (
				D82CB2011556051A00499A08 /* AppDelegate.h */,
				D82CB2021556051A00499A08 /* AppDelegate.m */,
				D82CB20C1556051A00499A08 /* LoginViewController.h */,
				D82CB20D1556051A00499A08 /* LoginViewController.m */,
				D863DF591559F63600FA9934 /* CreatePollViewController.h */,
				D863DF5A1559F63600FA9934 /* CreatePollViewController.m */,
				D82CB23C1556119F00499A08 /* PollTableViewController.h */,
				D82CB23D1556119F00499A08 /* PollTableViewController.m */,
				D88D7F90155A1843002C6C36 /* PollDetailViewController.h */,
				D88D7F91155A1843002C6C36 /* PollDetailViewController.m */,
				D82712D81564BAD100FDAFFB /* SettingsViewController.h */,
				D82712D91564BAD100FDAFFB /* SettingsViewController.m */,
				D82CB2061556051A00499A08 /* MainStoryboard_iPhone.storyboard */,
				D876F1B1156504F6000793CD /* PollImageViewController.h */,
				D876F1B2156504F6000793CD /* PollImageViewController.m */,
				D854FDD51560B6DF00314501 /* ButtonPeoplePicker */,
				D82CB1F91556051A00499A08 /* Supporting Files */,
			);
			path = GroupThink;
			sourceTree = "<group>";
		};
		D82CB1F91556051A00499A08 /* Supporting Files */ = {
			isa = PBXGroup;
			children = (
				D854FDEE1560C09500314501 /* Images */,
				D804C389155B88AC00AAF415 /* Icon-72.png */,
				D804C387155B884600AAF415 /* Icon.png */,
				D82CB1FA1556051A00499A08 /* GroupThink-Info.plist */,
				D82CB1FB1556051A00499A08 /* InfoPlist.strings */,
				D82CB1FE1556051A00499A08 /* main.m */,
				D82CB2001556051A00499A08 /* GroupThink-Prefix.pch */,
				D804C380155B7E4000AAF415 /* GroupThink.entitlements */,
			);
			name = "Supporting Files";
			sourceTree = "<group>";
		};
		D82CB21B1556051A00499A08 /* GroupThinkTests */ = {
			isa = PBXGroup;
			children = (
				D82CB2211556051A00499A08 /* GroupThinkTests.h */,
				D82CB2221556051A00499A08 /* GroupThinkTests.m */,
				D82CB21C1556051A00499A08 /* Supporting Files */,
			);
			path = GroupThinkTests;
			sourceTree = "<group>";
		};
		D82CB21C1556051A00499A08 /* Supporting Files */ = {
			isa = PBXGroup;
			children = (
				D82CB21D1556051A00499A08 /* GroupThinkTests-Info.plist */,
				D82CB21E1556051A00499A08 /* InfoPlist.strings */,
			);
			name = "Supporting Files";
			sourceTree = "<group>";
		};
		D8374EE2155F06C200BC1617 /* TestFlightSDK1 */ = {
			isa = PBXGroup;
			children = (
				D8374EE3155F06C200BC1617 /* libTestFlight.a */,
				D8374EE4155F06C200BC1617 /* README.txt */,
				D8374EE5155F06C200BC1617 /* release_notes.txt */,
				D8374EE6155F06C200BC1617 /* TestFlight.h */,
			);
			path = TestFlightSDK1;
			sourceTree = "<group>";
		};
		D854FDD51560B6DF00314501 /* ButtonPeoplePicker */ = {
			isa = PBXGroup;
			children = (
				D854FDD61560B6DF00314501 /* AddPersonViewController.h */,
				D854FDD71560B6DF00314501 /* AddPersonViewController.m */,
				D854FDDC1560B6DF00314501 /* ButtonPeoplePicker.h */,
				D854FDDD1560B6DF00314501 /* ButtonPeoplePicker.m */,
			);
			name = ButtonPeoplePicker;
			path = Classes;
			sourceTree = "<group>";
		};
		D854FDEE1560C09500314501 /* Images */ = {
			isa = PBXGroup;
			children = (
				D82712DC1564C14400FDAFFB /* choose.png */,
				D854FDEF1560C09500314501 /* bottom-button-bg.png */,
				D82712DE1564C2A800FDAFFB /* choose_hilighted.png */,
				D854FDF01560C09500314501 /* ButtonCorners.png */,
				D854FDF11560C09500314501 /* ButtonCorners@2x.png */,
			);
			path = Images;
			sourceTree = "<group>";
		};
/* End PBXGroup section */

/* Begin PBXNativeTarget section */
		D82CB1ED1556051A00499A08 /* GroupThink */ = {
			isa = PBXNativeTarget;
			buildConfigurationList = D82CB2261556051A00499A08 /* Build configuration list for PBXNativeTarget "GroupThink" */;
			buildPhases = (
				D82CB1EA1556051A00499A08 /* Sources */,
				D82CB1EB1556051A00499A08 /* Frameworks */,
				D82CB1EC1556051A00499A08 /* Resources */,
			);
			buildRules = (
			);
			dependencies = (
			);
			name = GroupThink;
			productName = GroupThink;
			productReference = D82CB1EE1556051A00499A08 /* GroupThink.app */;
			productType = "com.apple.product-type.application";
		};
		D82CB2131556051A00499A08 /* GroupThinkTests */ = {
			isa = PBXNativeTarget;
			buildConfigurationList = D82CB2291556051A00499A08 /* Build configuration list for PBXNativeTarget "GroupThinkTests" */;
			buildPhases = (
				D82CB20F1556051A00499A08 /* Sources */,
				D82CB2101556051A00499A08 /* Frameworks */,
				D82CB2111556051A00499A08 /* Resources */,
				D82CB2121556051A00499A08 /* ShellScript */,
			);
			buildRules = (
			);
			dependencies = (
				D82CB21A1556051A00499A08 /* PBXTargetDependency */,
			);
			name = GroupThinkTests;
			productName = GroupThinkTests;
			productReference = D82CB2141556051A00499A08 /* GroupThinkTests.octest */;
			productType = "com.apple.product-type.bundle";
		};
/* End PBXNativeTarget section */

/* Begin PBXProject section */
		D82CB1E51556051A00499A08 /* Project object */ = {
			isa = PBXProject;
			attributes = {
				LastUpgradeCheck = 0440;
				ORGANIZATIONNAME = GroupThink;
			};
			buildConfigurationList = D82CB1E81556051A00499A08 /* Build configuration list for PBXProject "GroupThink" */;
			compatibilityVersion = "Xcode 3.2";
			developmentRegion = English;
			hasScannedForEncodings = 0;
			knownRegions = (
				en,
			);
			mainGroup = D82CB1E31556051A00499A08;
			productRefGroup = D82CB1EF1556051A00499A08 /* Products */;
			projectDirPath = "";
			projectRoot = "";
			targets = (
				D82CB1ED1556051A00499A08 /* GroupThink */,
				D82CB2131556051A00499A08 /* GroupThinkTests */,
			);
		};
/* End PBXProject section */

/* Begin PBXResourcesBuildPhase section */
		D82CB1EC1556051A00499A08 /* Resources */ = {
			isa = PBXResourcesBuildPhase;
			buildActionMask = 2147483647;
			files = (
				D82CB1FD1556051A00499A08 /* InfoPlist.strings in Resources */,
				D82CB2081556051A00499A08 /* MainStoryboard_iPhone.storyboard in Resources */,
				D804C381155B7E4000AAF415 /* GroupThink.entitlements in Resources */,
				D804C388155B884600AAF415 /* Icon.png in Resources */,
				D804C38A155B88AC00AAF415 /* Icon-72.png in Resources */,
				D8374EE8155F06C200BC1617 /* README.txt in Resources */,
				D8374EE9155F06C200BC1617 /* release_notes.txt in Resources */,
				D854FDF31560C09500314501 /* bottom-button-bg.png in Resources */,
				D854FDF41560C09500314501 /* ButtonCorners.png in Resources */,
				D854FDF51560C09500314501 /* ButtonCorners@2x.png in Resources */,
				D82712DD1564C14400FDAFFB /* choose.png in Resources */,
				D82712DF1564C2A800FDAFFB /* choose_hilighted.png in Resources */,
			);
			runOnlyForDeploymentPostprocessing = 0;
		};
		D82CB2111556051A00499A08 /* Resources */ = {
			isa = PBXResourcesBuildPhase;
			buildActionMask = 2147483647;
			files = (
				D82CB2201556051A00499A08 /* InfoPlist.strings in Resources */,
			);
			runOnlyForDeploymentPostprocessing = 0;
		};
/* End PBXResourcesBuildPhase section */

/* Begin PBXShellScriptBuildPhase section */
		D82CB2121556051A00499A08 /* ShellScript */ = {
			isa = PBXShellScriptBuildPhase;
			buildActionMask = 2147483647;
			files = (
			);
			inputPaths = (
			);
			outputPaths = (
			);
			runOnlyForDeploymentPostprocessing = 0;
			shellPath = /bin/sh;
			shellScript = "# Run the unit tests in this test bundle.\n\"${SYSTEM_DEVELOPER_DIR}/Tools/RunUnitTests\"\n";
		};
/* End PBXShellScriptBuildPhase section */

/* Begin PBXSourcesBuildPhase section */
		D82CB1EA1556051A00499A08 /* Sources */ = {
			isa = PBXSourcesBuildPhase;
			buildActionMask = 2147483647;
			files = (
				D82CB1FF1556051A00499A08 /* main.m in Sources */,
				D82CB2031556051A00499A08 /* AppDelegate.m in Sources */,
				D82CB20E1556051A00499A08 /* LoginViewController.m in Sources */,
				D82CB23E1556119F00499A08 /* PollTableViewController.m in Sources */,
				D863DF5B1559F63600FA9934 /* CreatePollViewController.m in Sources */,
				D88D7F92155A1843002C6C36 /* PollDetailViewController.m in Sources */,
				D854FDDE1560B6DF00314501 /* AddPersonViewController.m in Sources */,
				D854FDE11560B6DF00314501 /* ButtonPeoplePicker.m in Sources */,
				D82712DA1564BAD100FDAFFB /* SettingsViewController.m in Sources */,
				D876F1B3156504F6000793CD /* PollImageViewController.m in Sources */,
			);
			runOnlyForDeploymentPostprocessing = 0;
		};
		D82CB20F1556051A00499A08 /* Sources */ = {
			isa = PBXSourcesBuildPhase;
			buildActionMask = 2147483647;
			files = (
				D82CB2231556051A00499A08 /* GroupThinkTests.m in Sources */,
			);
			runOnlyForDeploymentPostprocessing = 0;
		};
/* End PBXSourcesBuildPhase section */

/* Begin PBXTargetDependency section */
		D82CB21A1556051A00499A08 /* PBXTargetDependency */ = {
			isa = PBXTargetDependency;
			target = D82CB1ED1556051A00499A08 /* GroupThink */;
			targetProxy = D82CB2191556051A00499A08 /* PBXContainerItemProxy */;
		};
/* End PBXTargetDependency section */

/* Begin PBXVariantGroup section */
		D82CB1FB1556051A00499A08 /* InfoPlist.strings */ = {
			isa = PBXVariantGroup;
			children = (
				D82CB1FC1556051A00499A08 /* en */,
			);
			name = InfoPlist.strings;
			sourceTree = "<group>";
		};
		D82CB2061556051A00499A08 /* MainStoryboard_iPhone.storyboard */ = {
			isa = PBXVariantGroup;
			children = (
				D82CB2071556051A00499A08 /* en */,
			);
			name = MainStoryboard_iPhone.storyboard;
			sourceTree = "<group>";
		};
		D82CB21E1556051A00499A08 /* InfoPlist.strings */ = {
			isa = PBXVariantGroup;
			children = (
				D82CB21F1556051A00499A08 /* en */,
			);
			name = InfoPlist.strings;
			sourceTree = "<group>";
		};
/* End PBXVariantGroup section */

/* Begin XCBuildConfiguration section */
		D82CB2241556051A00499A08 /* Debug */ = {
			isa = XCBuildConfiguration;
			buildSettings = {
				ALWAYS_SEARCH_USER_PATHS = NO;
				ARCHS = "$(ARCHS_STANDARD_32_BIT)";
				CLANG_ENABLE_OBJC_ARC = YES;
				CLANG_WARN__DUPLICATE_METHOD_MATCH = YES;
				CODE_SIGN_IDENTITY = "iPhone Developer: Joseph Smith (ZE3SRXBFX6)";
				"CODE_SIGN_IDENTITY[sdk=iphoneos*]" = "iPhone Developer";
				COPY_PHASE_STRIP = NO;
				GCC_C_LANGUAGE_STANDARD = gnu99;
				GCC_DYNAMIC_NO_PIC = NO;
				GCC_OPTIMIZATION_LEVEL = 0;
				GCC_PREPROCESSOR_DEFINITIONS = (
					"DEBUG=1",
					"$(inherited)",
				);
				GCC_SYMBOLS_PRIVATE_EXTERN = NO;
				GCC_VERSION = com.apple.compilers.llvm.clang.1_0;
				GCC_WARN_ABOUT_RETURN_TYPE = YES;
				GCC_WARN_UNINITIALIZED_AUTOS = YES;
				GCC_WARN_UNUSED_VARIABLE = YES;
				INSTALL_PATH = /Users/joe/Desktop;
				IPHONEOS_DEPLOYMENT_TARGET = 5.1;
				PRODUCT_NAME = GroupThink;
				PROVISIONING_PROFILE = "060029DE-9BF9-402F-A14D-61229E8F1DDB";
				SDKROOT = iphoneos;
				STRIP_INSTALLED_PRODUCT = NO;
				TARGETED_DEVICE_FAMILY = 1;
			};
			name = Debug;
		};
		D82CB2251556051A00499A08 /* Release */ = {
			isa = XCBuildConfiguration;
			buildSettings = {
				ALWAYS_SEARCH_USER_PATHS = NO;
				ARCHS = "$(ARCHS_STANDARD_32_BIT)";
				CLANG_ENABLE_OBJC_ARC = YES;
				CLANG_WARN__DUPLICATE_METHOD_MATCH = YES;
				CODE_SIGN_IDENTITY = "iPhone Distribution";
				"CODE_SIGN_IDENTITY[sdk=iphoneos*]" = "iPhone Developer";
				COPY_PHASE_STRIP = NO;
				GCC_C_LANGUAGE_STANDARD = gnu99;
				GCC_VERSION = com.apple.compilers.llvm.clang.1_0;
				GCC_WARN_ABOUT_RETURN_TYPE = YES;
				GCC_WARN_UNINITIALIZED_AUTOS = YES;
				GCC_WARN_UNUSED_VARIABLE = YES;
				INSTALL_PATH = /Users/joe/Desktop;
				IPHONEOS_DEPLOYMENT_TARGET = 5.1;
				OTHER_CFLAGS = "-DNS_BLOCK_ASSERTIONS=1";
				PRODUCT_NAME = GroupThink;
				PROVISIONING_PROFILE = "";
				SDKROOT = iphoneos;
				STRIP_INSTALLED_PRODUCT = NO;
				TARGETED_DEVICE_FAMILY = 1;
				VALIDATE_PRODUCT = YES;
			};
			name = Release;
		};
		D82CB2271556051A00499A08 /* Debug */ = {
			isa = XCBuildConfiguration;
			buildSettings = {
				CODE_SIGN_ENTITLEMENTS = GroupThink/GroupThink.entitlements;
				CODE_SIGN_IDENTITY = "iPhone Developer";
				"CODE_SIGN_IDENTITY[sdk=iphoneos*]" = "iPhone Developer";
				FRAMEWORK_SEARCH_PATHS = (
					"$(inherited)",
					"\"$(SRCROOT)\"",
				);
				GCC_PRECOMPILE_PREFIX_HEADER = YES;
				GCC_PREFIX_HEADER = "GroupThink/GroupThink-Prefix.pch";
				INFOPLIST_FILE = "GroupThink/GroupThink-Info.plist";
				LIBRARY_SEARCH_PATHS = (
					"$(inherited)",
					"\"$(SRCROOT)/TestFlightSDK1\"",
				);
				PRODUCT_NAME = "$(TARGET_NAME)";
				PROVISIONING_PROFILE = "";
				"PROVISIONING_PROFILE[sdk=iphoneos*]" = "";
				WRAPPER_EXTENSION = app;
			};
			name = Debug;
		};
		D82CB2281556051A00499A08 /* Release */ = {
			isa = XCBuildConfiguration;
			buildSettings = {
				CODE_SIGN_ENTITLEMENTS = GroupThink/GroupThink.entitlements;
				CODE_SIGN_IDENTITY = "iPhone Distribution";
				"CODE_SIGN_IDENTITY[sdk=iphoneos*]" = "iPhone Distribution";
				FRAMEWORK_SEARCH_PATHS = (
					"$(inherited)",
					"\"$(SRCROOT)\"",
				);
				GCC_PRECOMPILE_PREFIX_HEADER = YES;
				GCC_PREFIX_HEADER = "GroupThink/GroupThink-Prefix.pch";
				INFOPLIST_FILE = "GroupThink/GroupThink-Info.plist";
				LIBRARY_SEARCH_PATHS = (
					"$(inherited)",
					"\"$(SRCROOT)/TestFlightSDK1\"",
				);
				PRODUCT_NAME = "$(TARGET_NAME)";
				PROVISIONING_PROFILE = "";
				"PROVISIONING_PROFILE[sdk=iphoneos*]" = "";
				WRAPPER_EXTENSION = app;
			};
			name = Release;
		};
		D82CB22A1556051A00499A08 /* Debug */ = {
			isa = XCBuildConfiguration;
			buildSettings = {
				BUNDLE_LOADER = "$(BUILT_PRODUCTS_DIR)/GroupThink.app/GroupThink";
				FRAMEWORK_SEARCH_PATHS = (
					"\"$(SDKROOT)/Developer/Library/Frameworks\"",
					"\"$(DEVELOPER_LIBRARY_DIR)/Frameworks\"",
				);
				GCC_PRECOMPILE_PREFIX_HEADER = YES;
				GCC_PREFIX_HEADER = "GroupThink/GroupThink-Prefix.pch";
				INFOPLIST_FILE = "GroupThinkTests/GroupThinkTests-Info.plist";
				PRODUCT_NAME = "$(TARGET_NAME)";
				TEST_HOST = "$(BUNDLE_LOADER)";
				WRAPPER_EXTENSION = octest;
			};
			name = Debug;
		};
		D82CB22B1556051A00499A08 /* Release */ = {
			isa = XCBuildConfiguration;
			buildSettings = {
				BUNDLE_LOADER = "$(BUILT_PRODUCTS_DIR)/GroupThink.app/GroupThink";
				FRAMEWORK_SEARCH_PATHS = (
					"\"$(SDKROOT)/Developer/Library/Frameworks\"",
					"\"$(DEVELOPER_LIBRARY_DIR)/Frameworks\"",
				);
				GCC_PRECOMPILE_PREFIX_HEADER = YES;
				GCC_PREFIX_HEADER = "GroupThink/GroupThink-Prefix.pch";
				INFOPLIST_FILE = "GroupThinkTests/GroupThinkTests-Info.plist";
				PRODUCT_NAME = "$(TARGET_NAME)";
				TEST_HOST = "$(BUNDLE_LOADER)";
				WRAPPER_EXTENSION = octest;
			};
			name = Release;
		};
/* End XCBuildConfiguration section */

/* Begin XCConfigurationList section */
		D82CB1E81556051A00499A08 /* Build configuration list for PBXProject "GroupThink" */ = {
			isa = XCConfigurationList;
			buildConfigurations = (
				D82CB2241556051A00499A08 /* Debug */,
				D82CB2251556051A00499A08 /* Release */,
			);
			defaultConfigurationIsVisible = 0;
			defaultConfigurationName = Release;
		};
		D82CB2261556051A00499A08 /* Build configuration list for PBXNativeTarget "GroupThink" */ = {
			isa = XCConfigurationList;
			buildConfigurations = (
				D82CB2271556051A00499A08 /* Debug */,
				D82CB2281556051A00499A08 /* Release */,
			);
			defaultConfigurationIsVisible = 0;
			defaultConfigurationName = Release;
		};
		D82CB2291556051A00499A08 /* Build configuration list for PBXNativeTarget "GroupThinkTests" */ = {
			isa = XCConfigurationList;
			buildConfigurations = (
				D82CB22A1556051A00499A08 /* Debug */,
				D82CB22B1556051A00499A08 /* Release */,
			);
			defaultConfigurationIsVisible = 0;
			defaultConfigurationName = Release;
		};
/* End XCConfigurationList section */
	};
	rootObject = D82CB1E51556051A00499A08 /* Project object */;
}
